// !$*UTF8*$!
{
	archiveVersion = 1;
	classes = {
	};
	objectVersion = 55;
	objects = {

/* Begin PBXBuildFile section */
		601AE0B728E8D07400EC909F /* CurrencyDetailsVM.swift in Sources */ = {isa = PBXBuildFile; fileRef = 601AE07528E8D07300EC909F /* CurrencyDetailsVM.swift */; };
		601AE0B828E8D07400EC909F /* PopularCurrenciesModel.swift in Sources */ = {isa = PBXBuildFile; fileRef = 601AE07728E8D07300EC909F /* PopularCurrenciesModel.swift */; };
		601AE0B928E8D07400EC909F /* HistoryModel.swift in Sources */ = {isa = PBXBuildFile; fileRef = 601AE07828E8D07300EC909F /* HistoryModel.swift */; };
		601AE0BA28E8D07400EC909F /* HistoryListView.swift in Sources */ = {isa = PBXBuildFile; fileRef = 601AE07A28E8D07300EC909F /* HistoryListView.swift */; };
		601AE0BB28E8D07400EC909F /* CurrencyDetailsFactory.swift in Sources */ = {isa = PBXBuildFile; fileRef = 601AE07C28E8D07300EC909F /* CurrencyDetailsFactory.swift */; };
		601AE0BC28E8D07400EC909F /* CurrencyDetailsCoordinator.swift in Sources */ = {isa = PBXBuildFile; fileRef = 601AE07D28E8D07300EC909F /* CurrencyDetailsCoordinator.swift */; };
		601AE0BD28E8D07400EC909F /* CurrencyDetailsAssembler.swift in Sources */ = {isa = PBXBuildFile; fileRef = 601AE07E28E8D07300EC909F /* CurrencyDetailsAssembler.swift */; };
		601AE0BE28E8D07400EC909F /* CurrencyDetailsVC.swift in Sources */ = {isa = PBXBuildFile; fileRef = 601AE08028E8D07300EC909F /* CurrencyDetailsVC.swift */; };
		601AE0BF28E8D07400EC909F /* CurrencyDetailsRepo.swift in Sources */ = {isa = PBXBuildFile; fileRef = 601AE08228E8D07300EC909F /* CurrencyDetailsRepo.swift */; };
		601AE0C028E8D07400EC909F /* ConvertCurrencyVM.swift in Sources */ = {isa = PBXBuildFile; fileRef = 601AE08528E8D07300EC909F /* ConvertCurrencyVM.swift */; };
		601AE0C128E8D07400EC909F /* ConvertCurrencyVC+UI.swift in Sources */ = {isa = PBXBuildFile; fileRef = 601AE08728E8D07300EC909F /* ConvertCurrencyVC+UI.swift */; };
		601AE0C228E8D07400EC909F /* ConvertCurrencyVC.swift in Sources */ = {isa = PBXBuildFile; fileRef = 601AE08828E8D07300EC909F /* ConvertCurrencyVC.swift */; };
		601AE0C328E8D07400EC909F /* ConvertCurrencyResponse.swift in Sources */ = {isa = PBXBuildFile; fileRef = 601AE08A28E8D07300EC909F /* ConvertCurrencyResponse.swift */; };
		601AE0C428E8D07400EC909F /* CurHistoryEntity+CoreData.swift in Sources */ = {isa = PBXBuildFile; fileRef = 601AE08B28E8D07300EC909F /* CurHistoryEntity+CoreData.swift */; };
		601AE0C528E8D07400EC909F /* SymbolsModel.swift in Sources */ = {isa = PBXBuildFile; fileRef = 601AE08C28E8D07300EC909F /* SymbolsModel.swift */; };
		601AE0C628E8D07400EC909F /* CurrencyTableViewCell.swift in Sources */ = {isa = PBXBuildFile; fileRef = 601AE08F28E8D07300EC909F /* CurrencyTableViewCell.swift */; };
		601AE0C728E8D07400EC909F /* CurrencyTableViewCell.xib in Resources */ = {isa = PBXBuildFile; fileRef = 601AE09028E8D07300EC909F /* CurrencyTableViewCell.xib */; };
		601AE0C828E8D07400EC909F /* ConvertCurrencyAssembler.swift in Sources */ = {isa = PBXBuildFile; fileRef = 601AE09228E8D07300EC909F /* ConvertCurrencyAssembler.swift */; };
		601AE0C928E8D07400EC909F /* ConvertCurrencyCoordinator.swift in Sources */ = {isa = PBXBuildFile; fileRef = 601AE09328E8D07300EC909F /* ConvertCurrencyCoordinator.swift */; };
		601AE0CA28E8D07400EC909F /* ConvertCurrencyFactory.swift in Sources */ = {isa = PBXBuildFile; fileRef = 601AE09428E8D07300EC909F /* ConvertCurrencyFactory.swift */; };
		601AE0CB28E8D07400EC909F /* ConvertCurrencyRepo.swift in Sources */ = {isa = PBXBuildFile; fileRef = 601AE09628E8D07300EC909F /* ConvertCurrencyRepo.swift */; };
		601AE0CC28E8D07400EC909F /* CoordinatorProtocol.swift in Sources */ = {isa = PBXBuildFile; fileRef = 601AE09928E8D07400EC909F /* CoordinatorProtocol.swift */; };
		601AE0CD28E8D07400EC909F /* DependencyAssemblerManager.swift in Sources */ = {isa = PBXBuildFile; fileRef = 601AE09B28E8D07400EC909F /* DependencyAssemblerManager.swift */; };
		601AE0CE28E8D07400EC909F /* NavigationRouter.swift in Sources */ = {isa = PBXBuildFile; fileRef = 601AE09D28E8D07400EC909F /* NavigationRouter.swift */; };
		601AE0CF28E8D07400EC909F /* RouterProtocol.swift in Sources */ = {isa = PBXBuildFile; fileRef = 601AE09E28E8D07400EC909F /* RouterProtocol.swift */; };
		601AE0D028E8D07400EC909F /* AppDelgateRouter.swift in Sources */ = {isa = PBXBuildFile; fileRef = 601AE09F28E8D07400EC909F /* AppDelgateRouter.swift */; };
		601AE0D128E8D07400EC909F /* AppConstants.swift in Sources */ = {isa = PBXBuildFile; fileRef = 601AE0A128E8D07400EC909F /* AppConstants.swift */; };
		601AE0D228E8D07400EC909F /* LaunchScreen.storyboard in Resources */ = {isa = PBXBuildFile; fileRef = 601AE0A328E8D07400EC909F /* LaunchScreen.storyboard */; };
		601AE0D328E8D07400EC909F /* Main.storyboard in Resources */ = {isa = PBXBuildFile; fileRef = 601AE0A428E8D07400EC909F /* Main.storyboard */; };
		601AE0D428E8D07400EC909F /* Endpoints.swift in Sources */ = {isa = PBXBuildFile; fileRef = 601AE0A728E8D07400EC909F /* Endpoints.swift */; };
		601AE0D528E8D07400EC909F /* NetworkManager.swift in Sources */ = {isa = PBXBuildFile; fileRef = 601AE0A828E8D07400EC909F /* NetworkManager.swift */; };
		601AE0D628E8D07400EC909F /* DatabaseManager.swift in Sources */ = {isa = PBXBuildFile; fileRef = 601AE0AA28E8D07400EC909F /* DatabaseManager.swift */; };
		601AE0D728E8D07400EC909F /* AlertViewManager.swift in Sources */ = {isa = PBXBuildFile; fileRef = 601AE0AC28E8D07400EC909F /* AlertViewManager.swift */; };
		601AE0D828E8D07400EC909F /* AppDelegate.swift in Sources */ = {isa = PBXBuildFile; fileRef = 601AE0AE28E8D07400EC909F /* AppDelegate.swift */; };
		601AE0D928E8D07400EC909F /* SceneDelegate.swift in Sources */ = {isa = PBXBuildFile; fileRef = 601AE0AF28E8D07400EC909F /* SceneDelegate.swift */; };
		601AE0DA28E8D07400EC909F /* UITableViewEX.swift in Sources */ = {isa = PBXBuildFile; fileRef = 601AE0B128E8D07400EC909F /* UITableViewEX.swift */; };
		601AE0DB28E8D07400EC909F /* DoubleEX.swift in Sources */ = {isa = PBXBuildFile; fileRef = 601AE0B228E8D07400EC909F /* DoubleEX.swift */; };
		601AE0DC28E8D07400EC909F /* DateEX.swift in Sources */ = {isa = PBXBuildFile; fileRef = 601AE0B328E8D07400EC909F /* DateEX.swift */; };
		601AE0DD28E8D07400EC909F /* UITextFieldEx.swift in Sources */ = {isa = PBXBuildFile; fileRef = 601AE0B428E8D07400EC909F /* UITextFieldEx.swift */; };
		601AE0DE28E8D07400EC909F /* UICollectionViewEx.swift in Sources */ = {isa = PBXBuildFile; fileRef = 601AE0B528E8D07400EC909F /* UICollectionViewEx.swift */; };
		601AE0DF28E8D07400EC909F /* UIButtonEx.swift in Sources */ = {isa = PBXBuildFile; fileRef = 601AE0B628E8D07400EC909F /* UIButtonEx.swift */; };
		604B364A28D757D10010800B /* RxCocoa in Frameworks */ = {isa = PBXBuildFile; productRef = 604B364928D757D10010800B /* RxCocoa */; };
		604B364C28D757D10010800B /* RxSwift in Frameworks */ = {isa = PBXBuildFile; productRef = 604B364B28D757D10010800B /* RxSwift */; };
		604BB13E28E3523E00BC1E07 /* Currency.xcdatamodeld in Sources */ = {isa = PBXBuildFile; fileRef = 604BB13C28E3523E00BC1E07 /* Currency.xcdatamodeld */; };
		6097C8FB2875686000E39C43 /* Assets.xcassets in Resources */ = {isa = PBXBuildFile; fileRef = 6097C8FA2875686000E39C43 /* Assets.xcassets */; };
/* End PBXBuildFile section */

/* Begin PBXFileReference section */
		601AE07528E8D07300EC909F /* CurrencyDetailsVM.swift */ = {isa = PBXFileReference; fileEncoding = 4; lastKnownFileType = sourcecode.swift; path = CurrencyDetailsVM.swift; sourceTree = "<group>"; };
		601AE07728E8D07300EC909F /* PopularCurrenciesModel.swift */ = {isa = PBXFileReference; fileEncoding = 4; lastKnownFileType = sourcecode.swift; path = PopularCurrenciesModel.swift; sourceTree = "<group>"; };
		601AE07828E8D07300EC909F /* HistoryModel.swift */ = {isa = PBXFileReference; fileEncoding = 4; lastKnownFileType = sourcecode.swift; path = HistoryModel.swift; sourceTree = "<group>"; };
		601AE07A28E8D07300EC909F /* HistoryListView.swift */ = {isa = PBXFileReference; fileEncoding = 4; lastKnownFileType = sourcecode.swift; path = HistoryListView.swift; sourceTree = "<group>"; };
		601AE07C28E8D07300EC909F /* CurrencyDetailsFactory.swift */ = {isa = PBXFileReference; fileEncoding = 4; lastKnownFileType = sourcecode.swift; path = CurrencyDetailsFactory.swift; sourceTree = "<group>"; };
		601AE07D28E8D07300EC909F /* CurrencyDetailsCoordinator.swift */ = {isa = PBXFileReference; fileEncoding = 4; lastKnownFileType = sourcecode.swift; path = CurrencyDetailsCoordinator.swift; sourceTree = "<group>"; };
		601AE07E28E8D07300EC909F /* CurrencyDetailsAssembler.swift */ = {isa = PBXFileReference; fileEncoding = 4; lastKnownFileType = sourcecode.swift; path = CurrencyDetailsAssembler.swift; sourceTree = "<group>"; };
		601AE08028E8D07300EC909F /* CurrencyDetailsVC.swift */ = {isa = PBXFileReference; fileEncoding = 4; lastKnownFileType = sourcecode.swift; path = CurrencyDetailsVC.swift; sourceTree = "<group>"; };
		601AE08228E8D07300EC909F /* CurrencyDetailsRepo.swift */ = {isa = PBXFileReference; fileEncoding = 4; lastKnownFileType = sourcecode.swift; path = CurrencyDetailsRepo.swift; sourceTree = "<group>"; };
		601AE08528E8D07300EC909F /* ConvertCurrencyVM.swift */ = {isa = PBXFileReference; fileEncoding = 4; lastKnownFileType = sourcecode.swift; path = ConvertCurrencyVM.swift; sourceTree = "<group>"; };
		601AE08728E8D07300EC909F /* ConvertCurrencyVC+UI.swift */ = {isa = PBXFileReference; fileEncoding = 4; lastKnownFileType = sourcecode.swift; path = "ConvertCurrencyVC+UI.swift"; sourceTree = "<group>"; };
		601AE08828E8D07300EC909F /* ConvertCurrencyVC.swift */ = {isa = PBXFileReference; fileEncoding = 4; lastKnownFileType = sourcecode.swift; path = ConvertCurrencyVC.swift; sourceTree = "<group>"; };
		601AE08A28E8D07300EC909F /* ConvertCurrencyResponse.swift */ = {isa = PBXFileReference; fileEncoding = 4; lastKnownFileType = sourcecode.swift; path = ConvertCurrencyResponse.swift; sourceTree = "<group>"; };
		601AE08B28E8D07300EC909F /* CurHistoryEntity+CoreData.swift */ = {isa = PBXFileReference; fileEncoding = 4; lastKnownFileType = sourcecode.swift; path = "CurHistoryEntity+CoreData.swift"; sourceTree = "<group>"; };
		601AE08C28E8D07300EC909F /* SymbolsModel.swift */ = {isa = PBXFileReference; fileEncoding = 4; lastKnownFileType = sourcecode.swift; path = SymbolsModel.swift; sourceTree = "<group>"; };
		601AE08F28E8D07300EC909F /* CurrencyTableViewCell.swift */ = {isa = PBXFileReference; fileEncoding = 4; lastKnownFileType = sourcecode.swift; path = CurrencyTableViewCell.swift; sourceTree = "<group>"; };
		601AE09028E8D07300EC909F /* CurrencyTableViewCell.xib */ = {isa = PBXFileReference; fileEncoding = 4; lastKnownFileType = file.xib; path = CurrencyTableViewCell.xib; sourceTree = "<group>"; };
		601AE09228E8D07300EC909F /* ConvertCurrencyAssembler.swift */ = {isa = PBXFileReference; fileEncoding = 4; lastKnownFileType = sourcecode.swift; path = ConvertCurrencyAssembler.swift; sourceTree = "<group>"; };
		601AE09328E8D07300EC909F /* ConvertCurrencyCoordinator.swift */ = {isa = PBXFileReference; fileEncoding = 4; lastKnownFileType = sourcecode.swift; path = ConvertCurrencyCoordinator.swift; sourceTree = "<group>"; };
		601AE09428E8D07300EC909F /* ConvertCurrencyFactory.swift */ = {isa = PBXFileReference; fileEncoding = 4; lastKnownFileType = sourcecode.swift; path = ConvertCurrencyFactory.swift; sourceTree = "<group>"; };
		601AE09628E8D07300EC909F /* ConvertCurrencyRepo.swift */ = {isa = PBXFileReference; fileEncoding = 4; lastKnownFileType = sourcecode.swift; path = ConvertCurrencyRepo.swift; sourceTree = "<group>"; };
		601AE09928E8D07400EC909F /* CoordinatorProtocol.swift */ = {isa = PBXFileReference; fileEncoding = 4; lastKnownFileType = sourcecode.swift; path = CoordinatorProtocol.swift; sourceTree = "<group>"; };
		601AE09B28E8D07400EC909F /* DependencyAssemblerManager.swift */ = {isa = PBXFileReference; fileEncoding = 4; lastKnownFileType = sourcecode.swift; path = DependencyAssemblerManager.swift; sourceTree = "<group>"; };
		601AE09D28E8D07400EC909F /* NavigationRouter.swift */ = {isa = PBXFileReference; fileEncoding = 4; lastKnownFileType = sourcecode.swift; path = NavigationRouter.swift; sourceTree = "<group>"; };
		601AE09E28E8D07400EC909F /* RouterProtocol.swift */ = {isa = PBXFileReference; fileEncoding = 4; lastKnownFileType = sourcecode.swift; path = RouterProtocol.swift; sourceTree = "<group>"; };
		601AE09F28E8D07400EC909F /* AppDelgateRouter.swift */ = {isa = PBXFileReference; fileEncoding = 4; lastKnownFileType = sourcecode.swift; path = AppDelgateRouter.swift; sourceTree = "<group>"; };
		601AE0A128E8D07400EC909F /* AppConstants.swift */ = {isa = PBXFileReference; fileEncoding = 4; lastKnownFileType = sourcecode.swift; path = AppConstants.swift; sourceTree = "<group>"; };
		601AE0A328E8D07400EC909F /* LaunchScreen.storyboard */ = {isa = PBXFileReference; fileEncoding = 4; lastKnownFileType = file.storyboard; path = LaunchScreen.storyboard; sourceTree = "<group>"; };
		601AE0A428E8D07400EC909F /* Main.storyboard */ = {isa = PBXFileReference; fileEncoding = 4; lastKnownFileType = file.storyboard; path = Main.storyboard; sourceTree = "<group>"; };
		601AE0A728E8D07400EC909F /* Endpoints.swift */ = {isa = PBXFileReference; fileEncoding = 4; lastKnownFileType = sourcecode.swift; path = Endpoints.swift; sourceTree = "<group>"; };
		601AE0A828E8D07400EC909F /* NetworkManager.swift */ = {isa = PBXFileReference; fileEncoding = 4; lastKnownFileType = sourcecode.swift; path = NetworkManager.swift; sourceTree = "<group>"; };
		601AE0AA28E8D07400EC909F /* DatabaseManager.swift */ = {isa = PBXFileReference; fileEncoding = 4; lastKnownFileType = sourcecode.swift; path = DatabaseManager.swift; sourceTree = "<group>"; };
		601AE0AC28E8D07400EC909F /* AlertViewManager.swift */ = {isa = PBXFileReference; fileEncoding = 4; lastKnownFileType = sourcecode.swift; path = AlertViewManager.swift; sourceTree = "<group>"; };
		601AE0AE28E8D07400EC909F /* AppDelegate.swift */ = {isa = PBXFileReference; fileEncoding = 4; lastKnownFileType = sourcecode.swift; path = AppDelegate.swift; sourceTree = "<group>"; };
		601AE0AF28E8D07400EC909F /* SceneDelegate.swift */ = {isa = PBXFileReference; fileEncoding = 4; lastKnownFileType = sourcecode.swift; path = SceneDelegate.swift; sourceTree = "<group>"; };
		601AE0B128E8D07400EC909F /* UITableViewEX.swift */ = {isa = PBXFileReference; fileEncoding = 4; lastKnownFileType = sourcecode.swift; path = UITableViewEX.swift; sourceTree = "<group>"; };
		601AE0B228E8D07400EC909F /* DoubleEX.swift */ = {isa = PBXFileReference; fileEncoding = 4; lastKnownFileType = sourcecode.swift; path = DoubleEX.swift; sourceTree = "<group>"; };
		601AE0B328E8D07400EC909F /* DateEX.swift */ = {isa = PBXFileReference; fileEncoding = 4; lastKnownFileType = sourcecode.swift; path = DateEX.swift; sourceTree = "<group>"; };
		601AE0B428E8D07400EC909F /* UITextFieldEx.swift */ = {isa = PBXFileReference; fileEncoding = 4; lastKnownFileType = sourcecode.swift; path = UITextFieldEx.swift; sourceTree = "<group>"; };
		601AE0B528E8D07400EC909F /* UICollectionViewEx.swift */ = {isa = PBXFileReference; fileEncoding = 4; lastKnownFileType = sourcecode.swift; path = UICollectionViewEx.swift; sourceTree = "<group>"; };
		601AE0B628E8D07400EC909F /* UIButtonEx.swift */ = {isa = PBXFileReference; fileEncoding = 4; lastKnownFileType = sourcecode.swift; path = UIButtonEx.swift; sourceTree = "<group>"; };
		604BB13D28E3523E00BC1E07 /* Currency.xcdatamodel */ = {isa = PBXFileReference; lastKnownFileType = wrapper.xcdatamodel; path = Currency.xcdatamodel; sourceTree = "<group>"; };
		6097C8EE2875685E00E39C43 /* Currency.app */ = {isa = PBXFileReference; explicitFileType = wrapper.application; includeInIndex = 0; path = Currency.app; sourceTree = BUILT_PRODUCTS_DIR; };
		6097C8FA2875686000E39C43 /* Assets.xcassets */ = {isa = PBXFileReference; lastKnownFileType = folder.assetcatalog; path = Assets.xcassets; sourceTree = "<group>"; };
		6097C8FF2875686000E39C43 /* Info.plist */ = {isa = PBXFileReference; lastKnownFileType = text.plist.xml; path = Info.plist; sourceTree = "<group>"; };
/* End PBXFileReference section */

/* Begin PBXFrameworksBuildPhase section */
		6097C8EB2875685E00E39C43 /* Frameworks */ = {
			isa = PBXFrameworksBuildPhase;
			buildActionMask = 2147483647;
			files = (
				604B364C28D757D10010800B /* RxSwift in Frameworks */,
				604B364A28D757D10010800B /* RxCocoa in Frameworks */,
			);
			runOnlyForDeploymentPostprocessing = 0;
		};
/* End PBXFrameworksBuildPhase section */

/* Begin PBXGroup section */
		601AE07228E8D07300EC909F /* Features */ = {
			isa = PBXGroup;
			children = (
				601AE07328E8D07300EC909F /* CurrencyDetails */,
				601AE08328E8D07300EC909F /* ConvertCurrency */,
			);
			path = Features;
			sourceTree = "<group>";
		};
		601AE07328E8D07300EC909F /* CurrencyDetails */ = {
			isa = PBXGroup;
			children = (
				601AE07428E8D07300EC909F /* ViewModel */,
				601AE07628E8D07300EC909F /* Model */,
				601AE07928E8D07300EC909F /* View */,
				601AE07B28E8D07300EC909F /* MVVM-Manager */,
				601AE07F28E8D07300EC909F /* Controllers */,
				601AE08128E8D07300EC909F /* Repo */,
			);
			path = CurrencyDetails;
			sourceTree = "<group>";
		};
		601AE07428E8D07300EC909F /* ViewModel */ = {
			isa = PBXGroup;
			children = (
				601AE07528E8D07300EC909F /* CurrencyDetailsVM.swift */,
			);
			path = ViewModel;
			sourceTree = "<group>";
		};
		601AE07628E8D07300EC909F /* Model */ = {
			isa = PBXGroup;
			children = (
				601AE07728E8D07300EC909F /* PopularCurrenciesModel.swift */,
				601AE07828E8D07300EC909F /* HistoryModel.swift */,
			);
			path = Model;
			sourceTree = "<group>";
		};
		601AE07928E8D07300EC909F /* View */ = {
			isa = PBXGroup;
			children = (
				601AE07A28E8D07300EC909F /* HistoryListView.swift */,
			);
			path = View;
			sourceTree = "<group>";
		};
		601AE07B28E8D07300EC909F /* MVVM-Manager */ = {
			isa = PBXGroup;
			children = (
				601AE07C28E8D07300EC909F /* CurrencyDetailsFactory.swift */,
				601AE07D28E8D07300EC909F /* CurrencyDetailsCoordinator.swift */,
				601AE07E28E8D07300EC909F /* CurrencyDetailsAssembler.swift */,
			);
			path = "MVVM-Manager";
			sourceTree = "<group>";
		};
		601AE07F28E8D07300EC909F /* Controllers */ = {
			isa = PBXGroup;
			children = (
				601AE08028E8D07300EC909F /* CurrencyDetailsVC.swift */,
			);
			path = Controllers;
			sourceTree = "<group>";
		};
		601AE08128E8D07300EC909F /* Repo */ = {
			isa = PBXGroup;
			children = (
				601AE08228E8D07300EC909F /* CurrencyDetailsRepo.swift */,
			);
			path = Repo;
			sourceTree = "<group>";
		};
		601AE08328E8D07300EC909F /* ConvertCurrency */ = {
			isa = PBXGroup;
			children = (
				601AE08428E8D07300EC909F /* ViewModel */,
				601AE08628E8D07300EC909F /* Controller */,
				601AE08928E8D07300EC909F /* Model */,
				601AE08D28E8D07300EC909F /* View */,
				601AE09128E8D07300EC909F /* MVVM-Manager */,
				601AE09528E8D07300EC909F /* Repo */,
			);
			path = ConvertCurrency;
			sourceTree = "<group>";
		};
		601AE08428E8D07300EC909F /* ViewModel */ = {
			isa = PBXGroup;
			children = (
				601AE08528E8D07300EC909F /* ConvertCurrencyVM.swift */,
			);
			path = ViewModel;
			sourceTree = "<group>";
		};
		601AE08628E8D07300EC909F /* Controller */ = {
			isa = PBXGroup;
			children = (
				601AE08728E8D07300EC909F /* ConvertCurrencyVC+UI.swift */,
				601AE08828E8D07300EC909F /* ConvertCurrencyVC.swift */,
			);
			path = Controller;
			sourceTree = "<group>";
		};
		601AE08928E8D07300EC909F /* Model */ = {
			isa = PBXGroup;
			children = (
				601AE08A28E8D07300EC909F /* ConvertCurrencyResponse.swift */,
				601AE08B28E8D07300EC909F /* CurHistoryEntity+CoreData.swift */,
				601AE08C28E8D07300EC909F /* SymbolsModel.swift */,
			);
			path = Model;
			sourceTree = "<group>";
		};
		601AE08D28E8D07300EC909F /* View */ = {
			isa = PBXGroup;
			children = (
				601AE08E28E8D07300EC909F /* Cell */,
			);
			path = View;
			sourceTree = "<group>";
		};
		601AE08E28E8D07300EC909F /* Cell */ = {
			isa = PBXGroup;
			children = (
				601AE08F28E8D07300EC909F /* CurrencyTableViewCell.swift */,
				601AE09028E8D07300EC909F /* CurrencyTableViewCell.xib */,
			);
			path = Cell;
			sourceTree = "<group>";
		};
		601AE09128E8D07300EC909F /* MVVM-Manager */ = {
			isa = PBXGroup;
			children = (
				601AE09228E8D07300EC909F /* ConvertCurrencyAssembler.swift */,
				601AE09328E8D07300EC909F /* ConvertCurrencyCoordinator.swift */,
				601AE09428E8D07300EC909F /* ConvertCurrencyFactory.swift */,
			);
			path = "MVVM-Manager";
			sourceTree = "<group>";
		};
		601AE09528E8D07300EC909F /* Repo */ = {
			isa = PBXGroup;
			children = (
				601AE09628E8D07300EC909F /* ConvertCurrencyRepo.swift */,
			);
			path = Repo;
			sourceTree = "<group>";
		};
		601AE09728E8D07400EC909F /* MVVM-C Manager */ = {
			isa = PBXGroup;
			children = (
				601AE09828E8D07400EC909F /* Coordinator */,
				601AE09A28E8D07400EC909F /* Assembler */,
				601AE09C28E8D07400EC909F /* Router */,
			);
			path = "MVVM-C Manager";
			sourceTree = "<group>";
		};
		601AE09828E8D07400EC909F /* Coordinator */ = {
			isa = PBXGroup;
			children = (
				601AE09928E8D07400EC909F /* CoordinatorProtocol.swift */,
			);
			path = Coordinator;
			sourceTree = "<group>";
		};
		601AE09A28E8D07400EC909F /* Assembler */ = {
			isa = PBXGroup;
			children = (
				601AE09B28E8D07400EC909F /* DependencyAssemblerManager.swift */,
			);
			path = Assembler;
			sourceTree = "<group>";
		};
		601AE09C28E8D07400EC909F /* Router */ = {
			isa = PBXGroup;
			children = (
				601AE09D28E8D07400EC909F /* NavigationRouter.swift */,
				601AE09E28E8D07400EC909F /* RouterProtocol.swift */,
				601AE09F28E8D07400EC909F /* AppDelgateRouter.swift */,
			);
			path = Router;
			sourceTree = "<group>";
		};
		601AE0A028E8D07400EC909F /* Constants */ = {
			isa = PBXGroup;
			children = (
				601AE0A128E8D07400EC909F /* AppConstants.swift */,
			);
			path = Constants;
			sourceTree = "<group>";
		};
		601AE0A228E8D07400EC909F /* Storyboard */ = {
			isa = PBXGroup;
			children = (
				601AE0A328E8D07400EC909F /* LaunchScreen.storyboard */,
				601AE0A428E8D07400EC909F /* Main.storyboard */,
			);
			path = Storyboard;
			sourceTree = "<group>";
		};
		601AE0A528E8D07400EC909F /* Managers */ = {
			isa = PBXGroup;
			children = (
				601AE0A628E8D07400EC909F /* NetworkManager */,
				601AE0A928E8D07400EC909F /* DataBaseManager */,
				601AE0AB28E8D07400EC909F /* utility */,
			);
			path = Managers;
			sourceTree = "<group>";
		};
		601AE0A628E8D07400EC909F /* NetworkManager */ = {
			isa = PBXGroup;
			children = (
				601AE0A728E8D07400EC909F /* Endpoints.swift */,
				601AE0A828E8D07400EC909F /* NetworkManager.swift */,
			);
			path = NetworkManager;
			sourceTree = "<group>";
		};
		601AE0A928E8D07400EC909F /* DataBaseManager */ = {
			isa = PBXGroup;
			children = (
				601AE0AA28E8D07400EC909F /* DatabaseManager.swift */,
			);
			path = DataBaseManager;
			sourceTree = "<group>";
		};
		601AE0AB28E8D07400EC909F /* utility */ = {
			isa = PBXGroup;
			children = (
				601AE0AC28E8D07400EC909F /* AlertViewManager.swift */,
			);
			path = utility;
			sourceTree = "<group>";
		};
		601AE0AD28E8D07400EC909F /* Core */ = {
			isa = PBXGroup;
			children = (
				601AE0AE28E8D07400EC909F /* AppDelegate.swift */,
				601AE0AF28E8D07400EC909F /* SceneDelegate.swift */,
			);
			path = Core;
			sourceTree = "<group>";
		};
		601AE0B028E8D07400EC909F /* Extention */ = {
			isa = PBXGroup;
			children = (
				601AE0B128E8D07400EC909F /* UITableViewEX.swift */,
				601AE0B228E8D07400EC909F /* DoubleEX.swift */,
				601AE0B328E8D07400EC909F /* DateEX.swift */,
				601AE0B428E8D07400EC909F /* UITextFieldEx.swift */,
				601AE0B528E8D07400EC909F /* UICollectionViewEx.swift */,
				601AE0B628E8D07400EC909F /* UIButtonEx.swift */,
			);
			path = Extention;
			sourceTree = "<group>";
		};
		6043BB0828E1E00800F3A39E /* Core Data */ = {
			isa = PBXGroup;
			children = (
				604BB13C28E3523E00BC1E07 /* Currency.xcdatamodeld */,
			);
			path = "Core Data";
			sourceTree = "<group>";
		};
		6097C8E52875685E00E39C43 = {
			isa = PBXGroup;
			children = (
				6097C8F02875685E00E39C43 /* Currency */,
				6097C8EF2875685E00E39C43 /* Products */,
			);
			sourceTree = "<group>";
		};
		6097C8EF2875685E00E39C43 /* Products */ = {
			isa = PBXGroup;
			children = (
				6097C8EE2875685E00E39C43 /* Currency.app */,
			);
			name = Products;
			sourceTree = "<group>";
		};
		6097C8F02875685E00E39C43 /* Currency */ = {
			isa = PBXGroup;
			children = (
				601AE0A028E8D07400EC909F /* Constants */,
				601AE0AD28E8D07400EC909F /* Core */,
				601AE0B028E8D07400EC909F /* Extention */,
				601AE07228E8D07300EC909F /* Features */,
				601AE0A528E8D07400EC909F /* Managers */,
				601AE09728E8D07400EC909F /* MVVM-C Manager */,
				601AE0A228E8D07400EC909F /* Storyboard */,
				60B0063E2875761800C3652B /* Resources */,
				6043BB0828E1E00800F3A39E /* Core Data */,
			);
			path = Currency;
			sourceTree = "<group>";
		};
		60B0063E2875761800C3652B /* Resources */ = {
			isa = PBXGroup;
			children = (
				6097C8FA2875686000E39C43 /* Assets.xcassets */,
				6097C8FF2875686000E39C43 /* Info.plist */,
			);
			path = Resources;
			sourceTree = "<group>";
		};
/* End PBXGroup section */

/* Begin PBXNativeTarget section */
		6097C8ED2875685E00E39C43 /* Currency */ = {
			isa = PBXNativeTarget;
			buildConfigurationList = 6097C9022875686000E39C43 /* Build configuration list for PBXNativeTarget "Currency" */;
			buildPhases = (
				6097C8EA2875685E00E39C43 /* Sources */,
				6097C8EB2875685E00E39C43 /* Frameworks */,
				6097C8EC2875685E00E39C43 /* Resources */,
			);
			buildRules = (
			);
			dependencies = (
			);
			name = Currency;
			packageProductDependencies = (
				604B364928D757D10010800B /* RxCocoa */,
				604B364B28D757D10010800B /* RxSwift */,
			);
			productName = Currency;
			productReference = 6097C8EE2875685E00E39C43 /* Currency.app */;
			productType = "com.apple.product-type.application";
		};
/* End PBXNativeTarget section */

/* Begin PBXProject section */
		6097C8E62875685E00E39C43 /* Project object */ = {
			isa = PBXProject;
			attributes = {
				BuildIndependentTargetsInParallel = 1;
				LastSwiftUpdateCheck = 1340;
				LastUpgradeCheck = 1340;
				TargetAttributes = {
					6097C8ED2875685E00E39C43 = {
						CreatedOnToolsVersion = 13.4.1;
					};
				};
			};
			buildConfigurationList = 6097C8E92875685E00E39C43 /* Build configuration list for PBXProject "Currency" */;
			compatibilityVersion = "Xcode 13.0";
			developmentRegion = en;
			hasScannedForEncodings = 0;
			knownRegions = (
				en,
				Base,
			);
			mainGroup = 6097C8E52875685E00E39C43;
			packageReferences = (
				604B364828D757D10010800B /* XCRemoteSwiftPackageReference "RxSwift" */,
			);
			productRefGroup = 6097C8EF2875685E00E39C43 /* Products */;
			projectDirPath = "";
			projectRoot = "";
			targets = (
				6097C8ED2875685E00E39C43 /* Currency */,
			);
		};
/* End PBXProject section */

/* Begin PBXResourcesBuildPhase section */
		6097C8EC2875685E00E39C43 /* Resources */ = {
			isa = PBXResourcesBuildPhase;
			buildActionMask = 2147483647;
			files = (
				601AE0D228E8D07400EC909F /* LaunchScreen.storyboard in Resources */,
				601AE0C728E8D07400EC909F /* CurrencyTableViewCell.xib in Resources */,
				6097C8FB2875686000E39C43 /* Assets.xcassets in Resources */,
				601AE0D328E8D07400EC909F /* Main.storyboard in Resources */,
			);
			runOnlyForDeploymentPostprocessing = 0;
		};
/* End PBXResourcesBuildPhase section */

/* Begin PBXSourcesBuildPhase section */
		6097C8EA2875685E00E39C43 /* Sources */ = {
			isa = PBXSourcesBuildPhase;
			buildActionMask = 2147483647;
			files = (
				601AE0BD28E8D07400EC909F /* CurrencyDetailsAssembler.swift in Sources */,
				601AE0BE28E8D07400EC909F /* CurrencyDetailsVC.swift in Sources */,
				601AE0D628E8D07400EC909F /* DatabaseManager.swift in Sources */,
				601AE0CE28E8D07400EC909F /* NavigationRouter.swift in Sources */,
				601AE0BA28E8D07400EC909F /* HistoryListView.swift in Sources */,
				601AE0CD28E8D07400EC909F /* DependencyAssemblerManager.swift in Sources */,
				601AE0D028E8D07400EC909F /* AppDelgateRouter.swift in Sources */,
				601AE0C228E8D07400EC909F /* ConvertCurrencyVC.swift in Sources */,
				601AE0D828E8D07400EC909F /* AppDelegate.swift in Sources */,
				601AE0BF28E8D07400EC909F /* CurrencyDetailsRepo.swift in Sources */,
				601AE0CF28E8D07400EC909F /* RouterProtocol.swift in Sources */,
				601AE0C428E8D07400EC909F /* CurHistoryEntity+CoreData.swift in Sources */,
				601AE0D428E8D07400EC909F /* Endpoints.swift in Sources */,
				601AE0CC28E8D07400EC909F /* CoordinatorProtocol.swift in Sources */,
				601AE0B928E8D07400EC909F /* HistoryModel.swift in Sources */,
				601AE0CA28E8D07400EC909F /* ConvertCurrencyFactory.swift in Sources */,
				601AE0DD28E8D07400EC909F /* UITextFieldEx.swift in Sources */,
				601AE0D528E8D07400EC909F /* NetworkManager.swift in Sources */,
				601AE0C528E8D07400EC909F /* SymbolsModel.swift in Sources */,
				601AE0DA28E8D07400EC909F /* UITableViewEX.swift in Sources */,
				601AE0B728E8D07400EC909F /* CurrencyDetailsVM.swift in Sources */,
				601AE0C828E8D07400EC909F /* ConvertCurrencyAssembler.swift in Sources */,
				601AE0C328E8D07400EC909F /* ConvertCurrencyResponse.swift in Sources */,
				601AE0DC28E8D07400EC909F /* DateEX.swift in Sources */,
				601AE0B828E8D07400EC909F /* PopularCurrenciesModel.swift in Sources */,
				601AE0DB28E8D07400EC909F /* DoubleEX.swift in Sources */,
				601AE0C628E8D07400EC909F /* CurrencyTableViewCell.swift in Sources */,
				601AE0DE28E8D07400EC909F /* UICollectionViewEx.swift in Sources */,
				601AE0D128E8D07400EC909F /* AppConstants.swift in Sources */,
				601AE0C928E8D07400EC909F /* ConvertCurrencyCoordinator.swift in Sources */,
				601AE0BB28E8D07400EC909F /* CurrencyDetailsFactory.swift in Sources */,
				604BB13E28E3523E00BC1E07 /* Currency.xcdatamodeld in Sources */,
				601AE0CB28E8D07400EC909F /* ConvertCurrencyRepo.swift in Sources */,
				601AE0DF28E8D07400EC909F /* UIButtonEx.swift in Sources */,
				601AE0BC28E8D07400EC909F /* CurrencyDetailsCoordinator.swift in Sources */,
				601AE0D928E8D07400EC909F /* SceneDelegate.swift in Sources */,
				601AE0C028E8D07400EC909F /* ConvertCurrencyVM.swift in Sources */,
				601AE0D728E8D07400EC909F /* AlertViewManager.swift in Sources */,
				601AE0C128E8D07400EC909F /* ConvertCurrencyVC+UI.swift in Sources */,
			);
			runOnlyForDeploymentPostprocessing = 0;
		};
/* End PBXSourcesBuildPhase section */

/* Begin XCBuildConfiguration section */
		6097C9002875686000E39C43 /* Debug */ = {
			isa = XCBuildConfiguration;
			buildSettings = {
				ALWAYS_SEARCH_USER_PATHS = NO;
				CLANG_ANALYZER_NONNULL = YES;
				CLANG_ANALYZER_NUMBER_OBJECT_CONVERSION = YES_AGGRESSIVE;
				CLANG_CXX_LANGUAGE_STANDARD = "gnu++17";
				CLANG_ENABLE_MODULES = YES;
				CLANG_ENABLE_OBJC_ARC = YES;
				CLANG_ENABLE_OBJC_WEAK = YES;
				CLANG_WARN_BLOCK_CAPTURE_AUTORELEASING = YES;
				CLANG_WARN_BOOL_CONVERSION = YES;
				CLANG_WARN_COMMA = YES;
				CLANG_WARN_CONSTANT_CONVERSION = YES;
				CLANG_WARN_DEPRECATED_OBJC_IMPLEMENTATIONS = YES;
				CLANG_WARN_DIRECT_OBJC_ISA_USAGE = YES_ERROR;
				CLANG_WARN_DOCUMENTATION_COMMENTS = YES;
				CLANG_WARN_EMPTY_BODY = YES;
				CLANG_WARN_ENUM_CONVERSION = YES;
				CLANG_WARN_INFINITE_RECURSION = YES;
				CLANG_WARN_INT_CONVERSION = YES;
				CLANG_WARN_NON_LITERAL_NULL_CONVERSION = YES;
				CLANG_WARN_OBJC_IMPLICIT_RETAIN_SELF = YES;
				CLANG_WARN_OBJC_LITERAL_CONVERSION = YES;
				CLANG_WARN_OBJC_ROOT_CLASS = YES_ERROR;
				CLANG_WARN_QUOTED_INCLUDE_IN_FRAMEWORK_HEADER = YES;
				CLANG_WARN_RANGE_LOOP_ANALYSIS = YES;
				CLANG_WARN_STRICT_PROTOTYPES = YES;
				CLANG_WARN_SUSPICIOUS_MOVE = YES;
				CLANG_WARN_UNGUARDED_AVAILABILITY = YES_AGGRESSIVE;
				CLANG_WARN_UNREACHABLE_CODE = YES;
				CLANG_WARN__DUPLICATE_METHOD_MATCH = YES;
				COPY_PHASE_STRIP = NO;
				DEBUG_INFORMATION_FORMAT = dwarf;
				ENABLE_STRICT_OBJC_MSGSEND = YES;
				ENABLE_TESTABILITY = YES;
				ENABLE_TESTING_SEARCH_PATHS = YES;
				GCC_C_LANGUAGE_STANDARD = gnu11;
				GCC_DYNAMIC_NO_PIC = NO;
				GCC_NO_COMMON_BLOCKS = YES;
				GCC_OPTIMIZATION_LEVEL = 0;
				GCC_PREPROCESSOR_DEFINITIONS = (
					"DEBUG=1",
					"$(inherited)",
				);
				GCC_WARN_64_TO_32_BIT_CONVERSION = YES;
				GCC_WARN_ABOUT_RETURN_TYPE = YES_ERROR;
				GCC_WARN_UNDECLARED_SELECTOR = YES;
				GCC_WARN_UNINITIALIZED_AUTOS = YES_AGGRESSIVE;
				GCC_WARN_UNUSED_FUNCTION = YES;
				GCC_WARN_UNUSED_VARIABLE = YES;
				IPHONEOS_DEPLOYMENT_TARGET = 15.0;
				MTL_ENABLE_DEBUG_INFO = INCLUDE_SOURCE;
				MTL_FAST_MATH = YES;
				ONLY_ACTIVE_ARCH = YES;
				SDKROOT = iphoneos;
				SWIFT_ACTIVE_COMPILATION_CONDITIONS = DEBUG;
				SWIFT_OPTIMIZATION_LEVEL = "-Onone";
			};
			name = Debug;
		};
		6097C9012875686000E39C43 /* Release */ = {
			isa = XCBuildConfiguration;
			buildSettings = {
				ALWAYS_SEARCH_USER_PATHS = NO;
				CLANG_ANALYZER_NONNULL = YES;
				CLANG_ANALYZER_NUMBER_OBJECT_CONVERSION = YES_AGGRESSIVE;
				CLANG_CXX_LANGUAGE_STANDARD = "gnu++17";
				CLANG_ENABLE_MODULES = YES;
				CLANG_ENABLE_OBJC_ARC = YES;
				CLANG_ENABLE_OBJC_WEAK = YES;
				CLANG_WARN_BLOCK_CAPTURE_AUTORELEASING = YES;
				CLANG_WARN_BOOL_CONVERSION = YES;
				CLANG_WARN_COMMA = YES;
				CLANG_WARN_CONSTANT_CONVERSION = YES;
				CLANG_WARN_DEPRECATED_OBJC_IMPLEMENTATIONS = YES;
				CLANG_WARN_DIRECT_OBJC_ISA_USAGE = YES_ERROR;
				CLANG_WARN_DOCUMENTATION_COMMENTS = YES;
				CLANG_WARN_EMPTY_BODY = YES;
				CLANG_WARN_ENUM_CONVERSION = YES;
				CLANG_WARN_INFINITE_RECURSION = YES;
				CLANG_WARN_INT_CONVERSION = YES;
				CLANG_WARN_NON_LITERAL_NULL_CONVERSION = YES;
				CLANG_WARN_OBJC_IMPLICIT_RETAIN_SELF = YES;
				CLANG_WARN_OBJC_LITERAL_CONVERSION = YES;
				CLANG_WARN_OBJC_ROOT_CLASS = YES_ERROR;
				CLANG_WARN_QUOTED_INCLUDE_IN_FRAMEWORK_HEADER = YES;
				CLANG_WARN_RANGE_LOOP_ANALYSIS = YES;
				CLANG_WARN_STRICT_PROTOTYPES = YES;
				CLANG_WARN_SUSPICIOUS_MOVE = YES;
				CLANG_WARN_UNGUARDED_AVAILABILITY = YES_AGGRESSIVE;
				CLANG_WARN_UNREACHABLE_CODE = YES;
				CLANG_WARN__DUPLICATE_METHOD_MATCH = YES;
				COPY_PHASE_STRIP = NO;
				DEBUG_INFORMATION_FORMAT = "dwarf-with-dsym";
				ENABLE_NS_ASSERTIONS = NO;
				ENABLE_STRICT_OBJC_MSGSEND = YES;
				ENABLE_TESTING_SEARCH_PATHS = YES;
				GCC_C_LANGUAGE_STANDARD = gnu11;
				GCC_NO_COMMON_BLOCKS = YES;
				GCC_WARN_64_TO_32_BIT_CONVERSION = YES;
				GCC_WARN_ABOUT_RETURN_TYPE = YES_ERROR;
				GCC_WARN_UNDECLARED_SELECTOR = YES;
				GCC_WARN_UNINITIALIZED_AUTOS = YES_AGGRESSIVE;
				GCC_WARN_UNUSED_FUNCTION = YES;
				GCC_WARN_UNUSED_VARIABLE = YES;
				IPHONEOS_DEPLOYMENT_TARGET = 15.0;
				MTL_ENABLE_DEBUG_INFO = NO;
				MTL_FAST_MATH = YES;
				SDKROOT = iphoneos;
				SWIFT_COMPILATION_MODE = wholemodule;
				SWIFT_OPTIMIZATION_LEVEL = "-O";
				VALIDATE_PRODUCT = YES;
			};
			name = Release;
		};
		6097C9032875686000E39C43 /* Debug */ = {
			isa = XCBuildConfiguration;
			buildSettings = {
				ASSETCATALOG_COMPILER_APPICON_NAME = AppIcon;
				ASSETCATALOG_COMPILER_GLOBAL_ACCENT_COLOR_NAME = AccentColor;
				CODE_SIGN_STYLE = Automatic;
				CURRENT_PROJECT_VERSION = 1;
				DEVELOPMENT_TEAM = 4A3GDCJZQY;
				ENABLE_TESTING_SEARCH_PATHS = YES;
				GENERATE_INFOPLIST_FILE = YES;
				INFOPLIST_FILE = Currency/Resources/Info.plist;
				INFOPLIST_KEY_CFBundleDisplayName = Currency;
				INFOPLIST_KEY_UIApplicationSupportsIndirectInputEvents = YES;
				INFOPLIST_KEY_UILaunchStoryboardName = LaunchScreen;
				INFOPLIST_KEY_UIMainStoryboardFile = Main;
				INFOPLIST_KEY_UISupportedInterfaceOrientations = "UIInterfaceOrientationPortrait UIInterfaceOrientationPortraitUpsideDown UIInterfaceOrientationLandscapeLeft UIInterfaceOrientationLandscapeRight";
				INFOPLIST_KEY_UISupportedInterfaceOrientations_iPad = "UIInterfaceOrientationPortrait UIInterfaceOrientationPortraitUpsideDown UIInterfaceOrientationLandscapeLeft UIInterfaceOrientationLandscapeRight";
				INFOPLIST_KEY_UISupportedInterfaceOrientations_iPhone = "UIInterfaceOrientationPortrait UIInterfaceOrientationLandscapeLeft UIInterfaceOrientationLandscapeRight";
				LD_RUNPATH_SEARCH_PATHS = (
					"$(inherited)",
					"@executable_path/Frameworks",
				);
				MARKETING_VERSION = 1.0;
				PRODUCT_BUNDLE_IDENTIFIER = com.MohamedSamirEG.Currency;
				PRODUCT_NAME = "$(TARGET_NAME)";
				SWIFT_EMIT_LOC_STRINGS = YES;
				SWIFT_VERSION = 5.0;
				TARGETED_DEVICE_FAMILY = "1,2";
			};
			name = Debug;
		};
		6097C9042875686000E39C43 /* Release */ = {
			isa = XCBuildConfiguration;
			buildSettings = {
				ASSETCATALOG_COMPILER_APPICON_NAME = AppIcon;
				ASSETCATALOG_COMPILER_GLOBAL_ACCENT_COLOR_NAME = AccentColor;
				CODE_SIGN_STYLE = Automatic;
				CURRENT_PROJECT_VERSION = 1;
				DEVELOPMENT_TEAM = 4A3GDCJZQY;
				ENABLE_TESTING_SEARCH_PATHS = YES;
				GENERATE_INFOPLIST_FILE = YES;
				INFOPLIST_FILE = Currency/Resources/Info.plist;
				INFOPLIST_KEY_CFBundleDisplayName = Currency;
				INFOPLIST_KEY_UIApplicationSupportsIndirectInputEvents = YES;
				INFOPLIST_KEY_UILaunchStoryboardName = LaunchScreen;
				INFOPLIST_KEY_UIMainStoryboardFile = Main;
				INFOPLIST_KEY_UISupportedInterfaceOrientations = "UIInterfaceOrientationPortrait UIInterfaceOrientationPortraitUpsideDown UIInterfaceOrientationLandscapeLeft UIInterfaceOrientationLandscapeRight";
				INFOPLIST_KEY_UISupportedInterfaceOrientations_iPad = "UIInterfaceOrientationPortrait UIInterfaceOrientationPortraitUpsideDown UIInterfaceOrientationLandscapeLeft UIInterfaceOrientationLandscapeRight";
				INFOPLIST_KEY_UISupportedInterfaceOrientations_iPhone = "UIInterfaceOrientationPortrait UIInterfaceOrientationLandscapeLeft UIInterfaceOrientationLandscapeRight";
				LD_RUNPATH_SEARCH_PATHS = (
					"$(inherited)",
					"@executable_path/Frameworks",
				);
				MARKETING_VERSION = 1.0;
				PRODUCT_BUNDLE_IDENTIFIER = com.MohamedSamirEG.Currency;
				PRODUCT_NAME = "$(TARGET_NAME)";
				SWIFT_EMIT_LOC_STRINGS = YES;
				SWIFT_VERSION = 5.0;
				TARGETED_DEVICE_FAMILY = "1,2";
			};
			name = Release;
		};
/* End XCBuildConfiguration section */

/* Begin XCConfigurationList section */
		6097C8E92875685E00E39C43 /* Build configuration list for PBXProject "Currency" */ = {
			isa = XCConfigurationList;
			buildConfigurations = (
				6097C9002875686000E39C43 /* Debug */,
				6097C9012875686000E39C43 /* Release */,
			);
			defaultConfigurationIsVisible = 0;
			defaultConfigurationName = Release;
		};
		6097C9022875686000E39C43 /* Build configuration list for PBXNativeTarget "Currency" */ = {
			isa = XCConfigurationList;
			buildConfigurations = (
				6097C9032875686000E39C43 /* Debug */,
				6097C9042875686000E39C43 /* Release */,
			);
			defaultConfigurationIsVisible = 0;
			defaultConfigurationName = Release;
		};
/* End XCConfigurationList section */

/* Begin XCRemoteSwiftPackageReference section */
		604B364828D757D10010800B /* XCRemoteSwiftPackageReference "RxSwift" */ = {
			isa = XCRemoteSwiftPackageReference;
			repositoryURL = "https://github.com/ReactiveX/RxSwift";
			requirement = {
				kind = upToNextMajorVersion;
				minimumVersion = 6.0.0;
			};
		};
/* End XCRemoteSwiftPackageReference section */

/* Begin XCSwiftPackageProductDependency section */
		604B364928D757D10010800B /* RxCocoa */ = {
			isa = XCSwiftPackageProductDependency;
			package = 604B364828D757D10010800B /* XCRemoteSwiftPackageReference "RxSwift" */;
			productName = RxCocoa;
		};
		604B364B28D757D10010800B /* RxSwift */ = {
			isa = XCSwiftPackageProductDependency;
			package = 604B364828D757D10010800B /* XCRemoteSwiftPackageReference "RxSwift" */;
			productName = RxSwift;
		};
/* End XCSwiftPackageProductDependency section */

/* Begin XCVersionGroup section */
		604BB13C28E3523E00BC1E07 /* Currency.xcdatamodeld */ = {
			isa = XCVersionGroup;
			children = (
				604BB13D28E3523E00BC1E07 /* Currency.xcdatamodel */,
			);
			currentVersion = 604BB13D28E3523E00BC1E07 /* Currency.xcdatamodel */;
			path = Currency.xcdatamodeld;
			sourceTree = "<group>";
			versionGroupType = wrapper.xcdatamodel;
		};
/* End XCVersionGroup section */
	};
	rootObject = 6097C8E62875685E00E39C43 /* Project object */;
}
