// !$*UTF8*$!
{
	archiveVersion = 1;
	classes = {
	};
	objectVersion = 55;
	objects = {

/* Begin PBXBuildFile section */
		601E019828E47BD5000D9F86 /* HistoryListView.swift in Sources */ = {isa = PBXBuildFile; fileRef = 601E019728E47BD5000D9F86 /* HistoryListView.swift */; };
		601E01AB28E49C57000D9F86 /* CurHistoryEntity+CoreDataProperties.swift in Sources */ = {isa = PBXBuildFile; fileRef = 601E01A928E49C57000D9F86 /* CurHistoryEntity+CoreDataProperties.swift */; };
		601E01AE28E5AD71000D9F86 /* DateEX.swift in Sources */ = {isa = PBXBuildFile; fileRef = 601E01AD28E5AD71000D9F86 /* DateEX.swift */; };
		601E01B128E5B204000D9F86 /* DoubleEX.swift in Sources */ = {isa = PBXBuildFile; fileRef = 601E01B028E5B204000D9F86 /* DoubleEX.swift */; };
		601E01B328E5C2BB000D9F86 /* HistoryModel.swift in Sources */ = {isa = PBXBuildFile; fileRef = 601E01B228E5C2BB000D9F86 /* HistoryModel.swift */; };
		60205F532887ECEF00F37F8A /* ConvertCurrencyResponse.swift in Sources */ = {isa = PBXBuildFile; fileRef = 60205F522887ECEF00F37F8A /* ConvertCurrencyResponse.swift */; };
		604282EF2878546C001562C4 /* UIButtonEx.swift in Sources */ = {isa = PBXBuildFile; fileRef = 604282EE2878546C001562C4 /* UIButtonEx.swift */; };
		604282F12878570B001562C4 /* UITextFieldEx.swift in Sources */ = {isa = PBXBuildFile; fileRef = 604282F02878570B001562C4 /* UITextFieldEx.swift */; };
		604282F8287878FF001562C4 /* NetworkManager.swift in Sources */ = {isa = PBXBuildFile; fileRef = 604282F7287878FF001562C4 /* NetworkManager.swift */; };
		604282FC2878819A001562C4 /* Endpoints.swift in Sources */ = {isa = PBXBuildFile; fileRef = 604282FB2878819A001562C4 /* Endpoints.swift */; };
		604282FE287883C2001562C4 /* SymbolsModel.swift in Sources */ = {isa = PBXBuildFile; fileRef = 604282FD287883C2001562C4 /* SymbolsModel.swift */; };
		6043BACE28E1C6DA00F3A39E /* DatabaseManager.swift in Sources */ = {isa = PBXBuildFile; fileRef = 6043BACD28E1C6DA00F3A39E /* DatabaseManager.swift */; };
		6043BAFE28E1DBF300F3A39E /* CurrencyTableViewCell.swift in Sources */ = {isa = PBXBuildFile; fileRef = 6043BAFC28E1DBF300F3A39E /* CurrencyTableViewCell.swift */; };
		6043BAFF28E1DBF300F3A39E /* CurrencyTableViewCell.xib in Resources */ = {isa = PBXBuildFile; fileRef = 6043BAFD28E1DBF300F3A39E /* CurrencyTableViewCell.xib */; };
		6047474F28855889009355D4 /* ConvertCurrencyVM.swift in Sources */ = {isa = PBXBuildFile; fileRef = 6047474E28855889009355D4 /* ConvertCurrencyVM.swift */; };
		604B364A28D757D10010800B /* RxCocoa in Frameworks */ = {isa = PBXBuildFile; productRef = 604B364928D757D10010800B /* RxCocoa */; };
		604B364C28D757D10010800B /* RxSwift in Frameworks */ = {isa = PBXBuildFile; productRef = 604B364B28D757D10010800B /* RxSwift */; };
		604B364F28D75F230010800B /* AppConstants.swift in Sources */ = {isa = PBXBuildFile; fileRef = 604B364E28D75F230010800B /* AppConstants.swift */; };
		604BB13E28E3523E00BC1E07 /* Currency.xcdatamodeld in Sources */ = {isa = PBXBuildFile; fileRef = 604BB13C28E3523E00BC1E07 /* Currency.xcdatamodeld */; };
		6097C8F22875685E00E39C43 /* AppDelegate.swift in Sources */ = {isa = PBXBuildFile; fileRef = 6097C8F12875685E00E39C43 /* AppDelegate.swift */; };
		6097C8F42875685E00E39C43 /* SceneDelegate.swift in Sources */ = {isa = PBXBuildFile; fileRef = 6097C8F32875685E00E39C43 /* SceneDelegate.swift */; };
		6097C8F92875685E00E39C43 /* Main.storyboard in Resources */ = {isa = PBXBuildFile; fileRef = 6097C8F72875685E00E39C43 /* Main.storyboard */; };
		6097C8FB2875686000E39C43 /* Assets.xcassets in Resources */ = {isa = PBXBuildFile; fileRef = 6097C8FA2875686000E39C43 /* Assets.xcassets */; };
		6097C8FE2875686000E39C43 /* LaunchScreen.storyboard in Resources */ = {isa = PBXBuildFile; fileRef = 6097C8FC2875686000E39C43 /* LaunchScreen.storyboard */; };
		60A699C228E0F305008D99A8 /* CurrencyDetailsCoordinator.swift in Sources */ = {isa = PBXBuildFile; fileRef = 60A699BB28E0F305008D99A8 /* CurrencyDetailsCoordinator.swift */; };
		60A699C328E0F305008D99A8 /* CurrencyDetailsAssembler.swift in Sources */ = {isa = PBXBuildFile; fileRef = 60A699BC28E0F305008D99A8 /* CurrencyDetailsAssembler.swift */; };
		60A699C428E0F305008D99A8 /* CurrencyDetailsFactory.swift in Sources */ = {isa = PBXBuildFile; fileRef = 60A699BD28E0F305008D99A8 /* CurrencyDetailsFactory.swift */; };
		60A699C528E0F305008D99A8 /* CurrencyDetailsRepo.swift in Sources */ = {isa = PBXBuildFile; fileRef = 60A699BE28E0F305008D99A8 /* CurrencyDetailsRepo.swift */; };
		60A699C628E0F305008D99A8 /* CurrencyDetailsVM.swift in Sources */ = {isa = PBXBuildFile; fileRef = 60A699BF28E0F305008D99A8 /* CurrencyDetailsVM.swift */; };
		60A699C828E0F305008D99A8 /* CurrencyDetailsVC.swift in Sources */ = {isa = PBXBuildFile; fileRef = 60A699C128E0F305008D99A8 /* CurrencyDetailsVC.swift */; };
		60A699D328E0F77E008D99A8 /* ConvertCurrencyVC+UI.swift in Sources */ = {isa = PBXBuildFile; fileRef = 60A699D128E0F77E008D99A8 /* ConvertCurrencyVC+UI.swift */; };
		60A699D428E0F77E008D99A8 /* ConvertCurrencyVC.swift in Sources */ = {isa = PBXBuildFile; fileRef = 60A699D228E0F77E008D99A8 /* ConvertCurrencyVC.swift */; };
		60BC747528D8D370003D6755 /* CoordinatorProtocol.swift in Sources */ = {isa = PBXBuildFile; fileRef = 60BC747428D8D370003D6755 /* CoordinatorProtocol.swift */; };
		60BC747728D8D791003D6755 /* RouterProtocol.swift in Sources */ = {isa = PBXBuildFile; fileRef = 60BC747628D8D791003D6755 /* RouterProtocol.swift */; };
		60BC747A28D8DA51003D6755 /* ConvertCurrencyFactory.swift in Sources */ = {isa = PBXBuildFile; fileRef = 60BC747928D8DA51003D6755 /* ConvertCurrencyFactory.swift */; };
		60BC747D28D8DC4C003D6755 /* DependencyAssemblerManager.swift in Sources */ = {isa = PBXBuildFile; fileRef = 60BC747C28D8DC4C003D6755 /* DependencyAssemblerManager.swift */; };
		60BC747F28D8E516003D6755 /* ConvertCurrencyAssembler.swift in Sources */ = {isa = PBXBuildFile; fileRef = 60BC747E28D8E516003D6755 /* ConvertCurrencyAssembler.swift */; };
		60BC748128D8E596003D6755 /* ConvertCurrencyRepo.swift in Sources */ = {isa = PBXBuildFile; fileRef = 60BC748028D8E596003D6755 /* ConvertCurrencyRepo.swift */; };
		60BC748628D8E67F003D6755 /* AppDelgateRouter.swift in Sources */ = {isa = PBXBuildFile; fileRef = 60BC748528D8E67F003D6755 /* AppDelgateRouter.swift */; };
		60BC748828D8E7E3003D6755 /* NavigationRouter.swift in Sources */ = {isa = PBXBuildFile; fileRef = 60BC748728D8E7E3003D6755 /* NavigationRouter.swift */; };
		60BC748B28D90B12003D6755 /* ConvertCurrencyCoordinator.swift in Sources */ = {isa = PBXBuildFile; fileRef = 60BC748A28D90B12003D6755 /* ConvertCurrencyCoordinator.swift */; };
		60CCD10F28E60E61006DD29D /* PopularCurrenciesModel.swift in Sources */ = {isa = PBXBuildFile; fileRef = 60CCD10E28E60E61006DD29D /* PopularCurrenciesModel.swift */; };
		60F9897D28E64390000E24A9 /* AlertViewManager.swift in Sources */ = {isa = PBXBuildFile; fileRef = 60F9897C28E64390000E24A9 /* AlertViewManager.swift */; };
		60FA8A952875D47300C7811E /* UITableViewEX.swift in Sources */ = {isa = PBXBuildFile; fileRef = 60FA8A932875D47300C7811E /* UITableViewEX.swift */; };
		60FA8A962875D47300C7811E /* UICollectionViewEx.swift in Sources */ = {isa = PBXBuildFile; fileRef = 60FA8A942875D47300C7811E /* UICollectionViewEx.swift */; };
/* End PBXBuildFile section */

/* Begin PBXFileReference section */
		601E019728E47BD5000D9F86 /* HistoryListView.swift */ = {isa = PBXFileReference; lastKnownFileType = sourcecode.swift; path = HistoryListView.swift; sourceTree = "<group>"; };
		601E01A928E49C57000D9F86 /* CurHistoryEntity+CoreDataProperties.swift */ = {isa = PBXFileReference; lastKnownFileType = sourcecode.swift; path = "CurHistoryEntity+CoreDataProperties.swift"; sourceTree = "<group>"; };
		601E01AD28E5AD71000D9F86 /* DateEX.swift */ = {isa = PBXFileReference; lastKnownFileType = sourcecode.swift; path = DateEX.swift; sourceTree = "<group>"; };
		601E01B028E5B204000D9F86 /* DoubleEX.swift */ = {isa = PBXFileReference; lastKnownFileType = sourcecode.swift; path = DoubleEX.swift; sourceTree = "<group>"; };
		601E01B228E5C2BB000D9F86 /* HistoryModel.swift */ = {isa = PBXFileReference; lastKnownFileType = sourcecode.swift; path = HistoryModel.swift; sourceTree = "<group>"; };
		60205F522887ECEF00F37F8A /* ConvertCurrencyResponse.swift */ = {isa = PBXFileReference; lastKnownFileType = sourcecode.swift; path = ConvertCurrencyResponse.swift; sourceTree = "<group>"; };
		604282EE2878546C001562C4 /* UIButtonEx.swift */ = {isa = PBXFileReference; lastKnownFileType = sourcecode.swift; path = UIButtonEx.swift; sourceTree = "<group>"; };
		604282F02878570B001562C4 /* UITextFieldEx.swift */ = {isa = PBXFileReference; lastKnownFileType = sourcecode.swift; path = UITextFieldEx.swift; sourceTree = "<group>"; };
		604282F7287878FF001562C4 /* NetworkManager.swift */ = {isa = PBXFileReference; lastKnownFileType = sourcecode.swift; path = NetworkManager.swift; sourceTree = "<group>"; };
		604282FB2878819A001562C4 /* Endpoints.swift */ = {isa = PBXFileReference; lastKnownFileType = sourcecode.swift; path = Endpoints.swift; sourceTree = "<group>"; };
		604282FD287883C2001562C4 /* SymbolsModel.swift */ = {isa = PBXFileReference; lastKnownFileType = sourcecode.swift; path = SymbolsModel.swift; sourceTree = "<group>"; };
		6043BACD28E1C6DA00F3A39E /* DatabaseManager.swift */ = {isa = PBXFileReference; lastKnownFileType = sourcecode.swift; path = DatabaseManager.swift; sourceTree = "<group>"; };
		6043BAFC28E1DBF300F3A39E /* CurrencyTableViewCell.swift */ = {isa = PBXFileReference; fileEncoding = 4; lastKnownFileType = sourcecode.swift; path = CurrencyTableViewCell.swift; sourceTree = "<group>"; };
		6043BAFD28E1DBF300F3A39E /* CurrencyTableViewCell.xib */ = {isa = PBXFileReference; fileEncoding = 4; lastKnownFileType = file.xib; path = CurrencyTableViewCell.xib; sourceTree = "<group>"; };
		6047474E28855889009355D4 /* ConvertCurrencyVM.swift */ = {isa = PBXFileReference; lastKnownFileType = sourcecode.swift; path = ConvertCurrencyVM.swift; sourceTree = "<group>"; };
		604B364E28D75F230010800B /* AppConstants.swift */ = {isa = PBXFileReference; lastKnownFileType = sourcecode.swift; path = AppConstants.swift; sourceTree = "<group>"; };
		604BB13D28E3523E00BC1E07 /* Currency.xcdatamodel */ = {isa = PBXFileReference; lastKnownFileType = wrapper.xcdatamodel; path = Currency.xcdatamodel; sourceTree = "<group>"; };
		6097C8EE2875685E00E39C43 /* Currency.app */ = {isa = PBXFileReference; explicitFileType = wrapper.application; includeInIndex = 0; path = Currency.app; sourceTree = BUILT_PRODUCTS_DIR; };
		6097C8F12875685E00E39C43 /* AppDelegate.swift */ = {isa = PBXFileReference; lastKnownFileType = sourcecode.swift; path = AppDelegate.swift; sourceTree = "<group>"; };
		6097C8F32875685E00E39C43 /* SceneDelegate.swift */ = {isa = PBXFileReference; lastKnownFileType = sourcecode.swift; path = SceneDelegate.swift; sourceTree = "<group>"; };
		6097C8F82875685E00E39C43 /* Base */ = {isa = PBXFileReference; lastKnownFileType = file.storyboard; name = Base; path = Base.lproj/Main.storyboard; sourceTree = "<group>"; };
		6097C8FA2875686000E39C43 /* Assets.xcassets */ = {isa = PBXFileReference; lastKnownFileType = folder.assetcatalog; path = Assets.xcassets; sourceTree = "<group>"; };
		6097C8FD2875686000E39C43 /* Base */ = {isa = PBXFileReference; lastKnownFileType = file.storyboard; name = Base; path = Base.lproj/LaunchScreen.storyboard; sourceTree = "<group>"; };
		6097C8FF2875686000E39C43 /* Info.plist */ = {isa = PBXFileReference; lastKnownFileType = text.plist.xml; path = Info.plist; sourceTree = "<group>"; };
		60A699BB28E0F305008D99A8 /* CurrencyDetailsCoordinator.swift */ = {isa = PBXFileReference; lastKnownFileType = sourcecode.swift; path = CurrencyDetailsCoordinator.swift; sourceTree = "<group>"; };
		60A699BC28E0F305008D99A8 /* CurrencyDetailsAssembler.swift */ = {isa = PBXFileReference; lastKnownFileType = sourcecode.swift; path = CurrencyDetailsAssembler.swift; sourceTree = "<group>"; };
		60A699BD28E0F305008D99A8 /* CurrencyDetailsFactory.swift */ = {isa = PBXFileReference; lastKnownFileType = sourcecode.swift; path = CurrencyDetailsFactory.swift; sourceTree = "<group>"; };
		60A699BE28E0F305008D99A8 /* CurrencyDetailsRepo.swift */ = {isa = PBXFileReference; lastKnownFileType = sourcecode.swift; path = CurrencyDetailsRepo.swift; sourceTree = "<group>"; };
		60A699BF28E0F305008D99A8 /* CurrencyDetailsVM.swift */ = {isa = PBXFileReference; lastKnownFileType = sourcecode.swift; path = CurrencyDetailsVM.swift; sourceTree = "<group>"; };
		60A699C128E0F305008D99A8 /* CurrencyDetailsVC.swift */ = {isa = PBXFileReference; lastKnownFileType = sourcecode.swift; path = CurrencyDetailsVC.swift; sourceTree = "<group>"; };
		60A699D128E0F77E008D99A8 /* ConvertCurrencyVC+UI.swift */ = {isa = PBXFileReference; fileEncoding = 4; lastKnownFileType = sourcecode.swift; path = "ConvertCurrencyVC+UI.swift"; sourceTree = "<group>"; };
		60A699D228E0F77E008D99A8 /* ConvertCurrencyVC.swift */ = {isa = PBXFileReference; fileEncoding = 4; lastKnownFileType = sourcecode.swift; path = ConvertCurrencyVC.swift; sourceTree = "<group>"; };
		60BC747428D8D370003D6755 /* CoordinatorProtocol.swift */ = {isa = PBXFileReference; lastKnownFileType = sourcecode.swift; path = CoordinatorProtocol.swift; sourceTree = "<group>"; };
		60BC747628D8D791003D6755 /* RouterProtocol.swift */ = {isa = PBXFileReference; lastKnownFileType = sourcecode.swift; path = RouterProtocol.swift; sourceTree = "<group>"; };
		60BC747928D8DA51003D6755 /* ConvertCurrencyFactory.swift */ = {isa = PBXFileReference; lastKnownFileType = sourcecode.swift; path = ConvertCurrencyFactory.swift; sourceTree = "<group>"; };
		60BC747C28D8DC4C003D6755 /* DependencyAssemblerManager.swift */ = {isa = PBXFileReference; lastKnownFileType = sourcecode.swift; path = DependencyAssemblerManager.swift; sourceTree = "<group>"; };
		60BC747E28D8E516003D6755 /* ConvertCurrencyAssembler.swift */ = {isa = PBXFileReference; lastKnownFileType = sourcecode.swift; path = ConvertCurrencyAssembler.swift; sourceTree = "<group>"; };
		60BC748028D8E596003D6755 /* ConvertCurrencyRepo.swift */ = {isa = PBXFileReference; lastKnownFileType = sourcecode.swift; path = ConvertCurrencyRepo.swift; sourceTree = "<group>"; };
		60BC748528D8E67F003D6755 /* AppDelgateRouter.swift */ = {isa = PBXFileReference; lastKnownFileType = sourcecode.swift; path = AppDelgateRouter.swift; sourceTree = "<group>"; };
		60BC748728D8E7E3003D6755 /* NavigationRouter.swift */ = {isa = PBXFileReference; lastKnownFileType = sourcecode.swift; path = NavigationRouter.swift; sourceTree = "<group>"; };
		60BC748A28D90B12003D6755 /* ConvertCurrencyCoordinator.swift */ = {isa = PBXFileReference; lastKnownFileType = sourcecode.swift; path = ConvertCurrencyCoordinator.swift; sourceTree = "<group>"; };
		60CCD10E28E60E61006DD29D /* PopularCurrenciesModel.swift */ = {isa = PBXFileReference; lastKnownFileType = sourcecode.swift; path = PopularCurrenciesModel.swift; sourceTree = "<group>"; };
		60F9897C28E64390000E24A9 /* AlertViewManager.swift */ = {isa = PBXFileReference; lastKnownFileType = sourcecode.swift; path = AlertViewManager.swift; sourceTree = "<group>"; };
		60FA8A932875D47300C7811E /* UITableViewEX.swift */ = {isa = PBXFileReference; fileEncoding = 4; lastKnownFileType = sourcecode.swift; path = UITableViewEX.swift; sourceTree = "<group>"; };
		60FA8A942875D47300C7811E /* UICollectionViewEx.swift */ = {isa = PBXFileReference; fileEncoding = 4; lastKnownFileType = sourcecode.swift; path = UICollectionViewEx.swift; sourceTree = "<group>"; };
/* End PBXFileReference section */

/* Begin PBXFrameworksBuildPhase section */
		6097C8EB2875685E00E39C43 /* Frameworks */ = {
			isa = PBXFrameworksBuildPhase;
			buildActionMask = 2147483647;
			files = (
				604B364C28D757D10010800B /* RxSwift in Frameworks */,
				604B364A28D757D10010800B /* RxCocoa in Frameworks */,
			);
			runOnlyForDeploymentPostprocessing = 0;
		};
/* End PBXFrameworksBuildPhase section */

/* Begin PBXGroup section */
		601E019928E47CE0000D9F86 /* View */ = {
			isa = PBXGroup;
			children = (
				601E019A28E47D04000D9F86 /* Controllers */,
				601E019B28E47D21000D9F86 /* View */,
			);
			path = View;
			sourceTree = "<group>";
		};
		601E019A28E47D04000D9F86 /* Controllers */ = {
			isa = PBXGroup;
			children = (
				60A699C128E0F305008D99A8 /* CurrencyDetailsVC.swift */,
			);
			path = Controllers;
			sourceTree = "<group>";
		};
		601E019B28E47D21000D9F86 /* View */ = {
			isa = PBXGroup;
			children = (
				601E019728E47BD5000D9F86 /* HistoryListView.swift */,
			);
			path = View;
			sourceTree = "<group>";
		};
		601E01B428E5C2C6000D9F86 /* Model */ = {
			isa = PBXGroup;
			children = (
				601E01B228E5C2BB000D9F86 /* HistoryModel.swift */,
				60CCD10E28E60E61006DD29D /* PopularCurrenciesModel.swift */,
			);
			path = Model;
			sourceTree = "<group>";
		};
		604282F6287878EA001562C4 /* NetworkManager */ = {
			isa = PBXGroup;
			children = (
				604282F7287878FF001562C4 /* NetworkManager.swift */,
				604282FB2878819A001562C4 /* Endpoints.swift */,
			);
			path = NetworkManager;
			sourceTree = "<group>";
		};
		6043BACC28E1C6B200F3A39E /* DataBaseManager */ = {
			isa = PBXGroup;
			children = (
				6043BACD28E1C6DA00F3A39E /* DatabaseManager.swift */,
			);
			path = DataBaseManager;
			sourceTree = "<group>";
		};
		6043BACF28E1C7AD00F3A39E /* Managers */ = {
			isa = PBXGroup;
			children = (
				60F9897B28E64372000E24A9 /* utility */,
				604282F6287878EA001562C4 /* NetworkManager */,
				6043BACC28E1C6B200F3A39E /* DataBaseManager */,
			);
			path = Managers;
			sourceTree = "<group>";
		};
		6043BAF628E1D9ED00F3A39E /* Model */ = {
			isa = PBXGroup;
			children = (
				604282FD287883C2001562C4 /* SymbolsModel.swift */,
				60205F522887ECEF00F37F8A /* ConvertCurrencyResponse.swift */,
				601E01A928E49C57000D9F86 /* CurHistoryEntity+CoreDataProperties.swift */,
			);
			path = Model;
			sourceTree = "<group>";
		};
		6043BAF928E1DA6800F3A39E /* Cell */ = {
			isa = PBXGroup;
			children = (
				6043BAFC28E1DBF300F3A39E /* CurrencyTableViewCell.swift */,
				6043BAFD28E1DBF300F3A39E /* CurrencyTableViewCell.xib */,
			);
			path = Cell;
			sourceTree = "<group>";
		};
		6043BB0828E1E00800F3A39E /* Core Data */ = {
			isa = PBXGroup;
			children = (
				604BB13C28E3523E00BC1E07 /* Currency.xcdatamodeld */,
			);
			path = "Core Data";
			sourceTree = "<group>";
		};
		604B364D28D75F080010800B /* Constants */ = {
			isa = PBXGroup;
			children = (
				604B364E28D75F230010800B /* AppConstants.swift */,
			);
			path = Constants;
			sourceTree = "<group>";
		};
		6097C8E52875685E00E39C43 = {
			isa = PBXGroup;
			children = (
				6097C8F02875685E00E39C43 /* Currency */,
				6097C8EF2875685E00E39C43 /* Products */,
			);
			sourceTree = "<group>";
		};
		6097C8EF2875685E00E39C43 /* Products */ = {
			isa = PBXGroup;
			children = (
				6097C8EE2875685E00E39C43 /* Currency.app */,
			);
			name = Products;
			sourceTree = "<group>";
		};
		6097C8F02875685E00E39C43 /* Currency */ = {
			isa = PBXGroup;
			children = (
				60B0063F287576AB00C3652B /* Features */,
				604B364D28D75F080010800B /* Constants */,
				60FA8A922875D47300C7811E /* Extention */,
				6043BACF28E1C7AD00F3A39E /* Managers */,
				60B0063C287575D800C3652B /* View */,
				60B0063E2875761800C3652B /* Resources */,
				6043BB0828E1E00800F3A39E /* Core Data */,
				60B0063B287575BE00C3652B /* Core */,
				60BC748C28D9101B003D6755 /* MVVM-C Manager */,
			);
			path = Currency;
			sourceTree = "<group>";
		};
		60B0063B287575BE00C3652B /* Core */ = {
			isa = PBXGroup;
			children = (
				6097C8F12875685E00E39C43 /* AppDelegate.swift */,
				6097C8F32875685E00E39C43 /* SceneDelegate.swift */,
			);
			path = Core;
			sourceTree = "<group>";
		};
		60B0063C287575D800C3652B /* View */ = {
			isa = PBXGroup;
			children = (
				60B0063D287575ED00C3652B /* Storyboard */,
			);
			path = View;
			sourceTree = "<group>";
		};
		60B0063D287575ED00C3652B /* Storyboard */ = {
			isa = PBXGroup;
			children = (
				6097C8F72875685E00E39C43 /* Main.storyboard */,
				6097C8FC2875686000E39C43 /* LaunchScreen.storyboard */,
			);
			path = Storyboard;
			sourceTree = "<group>";
		};
		60B0063E2875761800C3652B /* Resources */ = {
			isa = PBXGroup;
			children = (
				6097C8FA2875686000E39C43 /* Assets.xcassets */,
				6097C8FF2875686000E39C43 /* Info.plist */,
			);
			path = Resources;
			sourceTree = "<group>";
		};
		60B0063F287576AB00C3652B /* Features */ = {
			isa = PBXGroup;
			children = (
				60B00640287576C300C3652B /* ConvertCurrency */,
				60FA8A892875825700C7811E /* CurrencyDetails */,
			);
			path = Features;
			sourceTree = "<group>";
		};
		60B00640287576C300C3652B /* ConvertCurrency */ = {
			isa = PBXGroup;
			children = (
				6043BAF628E1D9ED00F3A39E /* Model */,
				6047474E28855889009355D4 /* ConvertCurrencyVM.swift */,
				60BC747928D8DA51003D6755 /* ConvertCurrencyFactory.swift */,
				60BC748A28D90B12003D6755 /* ConvertCurrencyCoordinator.swift */,
				60BC747E28D8E516003D6755 /* ConvertCurrencyAssembler.swift */,
				60BC748028D8E596003D6755 /* ConvertCurrencyRepo.swift */,
				60B00642287576EC00C3652B /* View */,
			);
			path = ConvertCurrency;
			sourceTree = "<group>";
		};
		60B00642287576EC00C3652B /* View */ = {
			isa = PBXGroup;
			children = (
				60FA8AA02875DB4500C7811E /* Controller */,
				6043BAF928E1DA6800F3A39E /* Cell */,
			);
			path = View;
			sourceTree = "<group>";
		};
		60BC747328D8D34F003D6755 /* Coordinator */ = {
			isa = PBXGroup;
			children = (
				60BC747428D8D370003D6755 /* CoordinatorProtocol.swift */,
			);
			path = Coordinator;
			sourceTree = "<group>";
		};
		60BC747B28D8DC31003D6755 /* Assembler */ = {
			isa = PBXGroup;
			children = (
				60BC747C28D8DC4C003D6755 /* DependencyAssemblerManager.swift */,
			);
			path = Assembler;
			sourceTree = "<group>";
		};
		60BC748428D8E677003D6755 /* Router */ = {
			isa = PBXGroup;
			children = (
				60BC747628D8D791003D6755 /* RouterProtocol.swift */,
				60BC748528D8E67F003D6755 /* AppDelgateRouter.swift */,
				60BC748728D8E7E3003D6755 /* NavigationRouter.swift */,
			);
			path = Router;
			sourceTree = "<group>";
		};
		60BC748C28D9101B003D6755 /* MVVM-C Manager */ = {
			isa = PBXGroup;
			children = (
				60BC748428D8E677003D6755 /* Router */,
				60BC747B28D8DC31003D6755 /* Assembler */,
				60BC747328D8D34F003D6755 /* Coordinator */,
			);
			path = "MVVM-C Manager";
			sourceTree = "<group>";
		};
		60F9897B28E64372000E24A9 /* utility */ = {
			isa = PBXGroup;
			children = (
				60F9897C28E64390000E24A9 /* AlertViewManager.swift */,
			);
			path = utility;
			sourceTree = "<group>";
		};
		60FA8A892875825700C7811E /* CurrencyDetails */ = {
			isa = PBXGroup;
			children = (
				60A699BB28E0F305008D99A8 /* CurrencyDetailsCoordinator.swift */,
				60A699BC28E0F305008D99A8 /* CurrencyDetailsAssembler.swift */,
				60A699BD28E0F305008D99A8 /* CurrencyDetailsFactory.swift */,
				60A699BE28E0F305008D99A8 /* CurrencyDetailsRepo.swift */,
				60A699BF28E0F305008D99A8 /* CurrencyDetailsVM.swift */,
				601E019928E47CE0000D9F86 /* View */,
				601E01B428E5C2C6000D9F86 /* Model */,
			);
			path = CurrencyDetails;
			sourceTree = "<group>";
		};
		60FA8A922875D47300C7811E /* Extention */ = {
			isa = PBXGroup;
			children = (
				601E01AD28E5AD71000D9F86 /* DateEX.swift */,
				604282EE2878546C001562C4 /* UIButtonEx.swift */,
				604282F02878570B001562C4 /* UITextFieldEx.swift */,
				601E01B028E5B204000D9F86 /* DoubleEX.swift */,
				60FA8A932875D47300C7811E /* UITableViewEX.swift */,
				60FA8A942875D47300C7811E /* UICollectionViewEx.swift */,
			);
			path = Extention;
			sourceTree = "<group>";
		};
		60FA8AA02875DB4500C7811E /* Controller */ = {
			isa = PBXGroup;
			children = (
				60A699D228E0F77E008D99A8 /* ConvertCurrencyVC.swift */,
				60A699D128E0F77E008D99A8 /* ConvertCurrencyVC+UI.swift */,
			);
			path = Controller;
			sourceTree = "<group>";
		};
/* End PBXGroup section */

/* Begin PBXNativeTarget section */
		6097C8ED2875685E00E39C43 /* Currency */ = {
			isa = PBXNativeTarget;
			buildConfigurationList = 6097C9022875686000E39C43 /* Build configuration list for PBXNativeTarget "Currency" */;
			buildPhases = (
				6097C8EA2875685E00E39C43 /* Sources */,
				6097C8EB2875685E00E39C43 /* Frameworks */,
				6097C8EC2875685E00E39C43 /* Resources */,
			);
			buildRules = (
			);
			dependencies = (
			);
			name = Currency;
			packageProductDependencies = (
				604B364928D757D10010800B /* RxCocoa */,
				604B364B28D757D10010800B /* RxSwift */,
			);
			productName = Currency;
			productReference = 6097C8EE2875685E00E39C43 /* Currency.app */;
			productType = "com.apple.product-type.application";
		};
/* End PBXNativeTarget section */

/* Begin PBXProject section */
		6097C8E62875685E00E39C43 /* Project object */ = {
			isa = PBXProject;
			attributes = {
				BuildIndependentTargetsInParallel = 1;
				LastSwiftUpdateCheck = 1340;
				LastUpgradeCheck = 1340;
				TargetAttributes = {
					6097C8ED2875685E00E39C43 = {
						CreatedOnToolsVersion = 13.4.1;
					};
				};
			};
			buildConfigurationList = 6097C8E92875685E00E39C43 /* Build configuration list for PBXProject "Currency" */;
			compatibilityVersion = "Xcode 13.0";
			developmentRegion = en;
			hasScannedForEncodings = 0;
			knownRegions = (
				en,
				Base,
			);
			mainGroup = 6097C8E52875685E00E39C43;
			packageReferences = (
				604B364828D757D10010800B /* XCRemoteSwiftPackageReference "RxSwift" */,
			);
			productRefGroup = 6097C8EF2875685E00E39C43 /* Products */;
			projectDirPath = "";
			projectRoot = "";
			targets = (
				6097C8ED2875685E00E39C43 /* Currency */,
			);
		};
/* End PBXProject section */

/* Begin PBXResourcesBuildPhase section */
		6097C8EC2875685E00E39C43 /* Resources */ = {
			isa = PBXResourcesBuildPhase;
			buildActionMask = 2147483647;
			files = (
				6043BAFF28E1DBF300F3A39E /* CurrencyTableViewCell.xib in Resources */,
				6097C8FE2875686000E39C43 /* LaunchScreen.storyboard in Resources */,
				6097C8FB2875686000E39C43 /* Assets.xcassets in Resources */,
				6097C8F92875685E00E39C43 /* Main.storyboard in Resources */,
			);
			runOnlyForDeploymentPostprocessing = 0;
		};
/* End PBXResourcesBuildPhase section */

/* Begin PBXSourcesBuildPhase section */
		6097C8EA2875685E00E39C43 /* Sources */ = {
			isa = PBXSourcesBuildPhase;
			buildActionMask = 2147483647;
			files = (
				604BB13E28E3523E00BC1E07 /* Currency.xcdatamodeld in Sources */,
				60BC748128D8E596003D6755 /* ConvertCurrencyRepo.swift in Sources */,
				60BC747D28D8DC4C003D6755 /* DependencyAssemblerManager.swift in Sources */,
				604282FE287883C2001562C4 /* SymbolsModel.swift in Sources */,
				601E01AB28E49C57000D9F86 /* CurHistoryEntity+CoreDataProperties.swift in Sources */,
				60A699D328E0F77E008D99A8 /* ConvertCurrencyVC+UI.swift in Sources */,
				604B364F28D75F230010800B /* AppConstants.swift in Sources */,
				60BC747F28D8E516003D6755 /* ConvertCurrencyAssembler.swift in Sources */,
				6047474F28855889009355D4 /* ConvertCurrencyVM.swift in Sources */,
				60FA8A952875D47300C7811E /* UITableViewEX.swift in Sources */,
				60F9897D28E64390000E24A9 /* AlertViewManager.swift in Sources */,
				60CCD10F28E60E61006DD29D /* PopularCurrenciesModel.swift in Sources */,
				60BC747528D8D370003D6755 /* CoordinatorProtocol.swift in Sources */,
				601E01AE28E5AD71000D9F86 /* DateEX.swift in Sources */,
				601E01B328E5C2BB000D9F86 /* HistoryModel.swift in Sources */,
				6097C8F22875685E00E39C43 /* AppDelegate.swift in Sources */,
				60BC748B28D90B12003D6755 /* ConvertCurrencyCoordinator.swift in Sources */,
				6043BACE28E1C6DA00F3A39E /* DatabaseManager.swift in Sources */,
				60A699D428E0F77E008D99A8 /* ConvertCurrencyVC.swift in Sources */,
				60205F532887ECEF00F37F8A /* ConvertCurrencyResponse.swift in Sources */,
				60A699C528E0F305008D99A8 /* CurrencyDetailsRepo.swift in Sources */,
				60BC747A28D8DA51003D6755 /* ConvertCurrencyFactory.swift in Sources */,
				60FA8A962875D47300C7811E /* UICollectionViewEx.swift in Sources */,
				604282EF2878546C001562C4 /* UIButtonEx.swift in Sources */,
				6097C8F42875685E00E39C43 /* SceneDelegate.swift in Sources */,
				60A699C328E0F305008D99A8 /* CurrencyDetailsAssembler.swift in Sources */,
				60A699C828E0F305008D99A8 /* CurrencyDetailsVC.swift in Sources */,
				60BC747728D8D791003D6755 /* RouterProtocol.swift in Sources */,
				604282F12878570B001562C4 /* UITextFieldEx.swift in Sources */,
				604282FC2878819A001562C4 /* Endpoints.swift in Sources */,
				6043BAFE28E1DBF300F3A39E /* CurrencyTableViewCell.swift in Sources */,
				60A699C428E0F305008D99A8 /* CurrencyDetailsFactory.swift in Sources */,
				601E01B128E5B204000D9F86 /* DoubleEX.swift in Sources */,
				60A699C628E0F305008D99A8 /* CurrencyDetailsVM.swift in Sources */,
				604282F8287878FF001562C4 /* NetworkManager.swift in Sources */,
				601E019828E47BD5000D9F86 /* HistoryListView.swift in Sources */,
				60A699C228E0F305008D99A8 /* CurrencyDetailsCoordinator.swift in Sources */,
				60BC748628D8E67F003D6755 /* AppDelgateRouter.swift in Sources */,
				60BC748828D8E7E3003D6755 /* NavigationRouter.swift in Sources */,
			);
			runOnlyForDeploymentPostprocessing = 0;
		};
/* End PBXSourcesBuildPhase section */

/* Begin PBXVariantGroup section */
		6097C8F72875685E00E39C43 /* Main.storyboard */ = {
			isa = PBXVariantGroup;
			children = (
				6097C8F82875685E00E39C43 /* Base */,
			);
			name = Main.storyboard;
			sourceTree = "<group>";
		};
		6097C8FC2875686000E39C43 /* LaunchScreen.storyboard */ = {
			isa = PBXVariantGroup;
			children = (
				6097C8FD2875686000E39C43 /* Base */,
			);
			name = LaunchScreen.storyboard;
			sourceTree = "<group>";
		};
/* End PBXVariantGroup section */

/* Begin XCBuildConfiguration section */
		6097C9002875686000E39C43 /* Debug */ = {
			isa = XCBuildConfiguration;
			buildSettings = {
				ALWAYS_SEARCH_USER_PATHS = NO;
				CLANG_ANALYZER_NONNULL = YES;
				CLANG_ANALYZER_NUMBER_OBJECT_CONVERSION = YES_AGGRESSIVE;
				CLANG_CXX_LANGUAGE_STANDARD = "gnu++17";
				CLANG_ENABLE_MODULES = YES;
				CLANG_ENABLE_OBJC_ARC = YES;
				CLANG_ENABLE_OBJC_WEAK = YES;
				CLANG_WARN_BLOCK_CAPTURE_AUTORELEASING = YES;
				CLANG_WARN_BOOL_CONVERSION = YES;
				CLANG_WARN_COMMA = YES;
				CLANG_WARN_CONSTANT_CONVERSION = YES;
				CLANG_WARN_DEPRECATED_OBJC_IMPLEMENTATIONS = YES;
				CLANG_WARN_DIRECT_OBJC_ISA_USAGE = YES_ERROR;
				CLANG_WARN_DOCUMENTATION_COMMENTS = YES;
				CLANG_WARN_EMPTY_BODY = YES;
				CLANG_WARN_ENUM_CONVERSION = YES;
				CLANG_WARN_INFINITE_RECURSION = YES;
				CLANG_WARN_INT_CONVERSION = YES;
				CLANG_WARN_NON_LITERAL_NULL_CONVERSION = YES;
				CLANG_WARN_OBJC_IMPLICIT_RETAIN_SELF = YES;
				CLANG_WARN_OBJC_LITERAL_CONVERSION = YES;
				CLANG_WARN_OBJC_ROOT_CLASS = YES_ERROR;
				CLANG_WARN_QUOTED_INCLUDE_IN_FRAMEWORK_HEADER = YES;
				CLANG_WARN_RANGE_LOOP_ANALYSIS = YES;
				CLANG_WARN_STRICT_PROTOTYPES = YES;
				CLANG_WARN_SUSPICIOUS_MOVE = YES;
				CLANG_WARN_UNGUARDED_AVAILABILITY = YES_AGGRESSIVE;
				CLANG_WARN_UNREACHABLE_CODE = YES;
				CLANG_WARN__DUPLICATE_METHOD_MATCH = YES;
				COPY_PHASE_STRIP = NO;
				DEBUG_INFORMATION_FORMAT = dwarf;
				ENABLE_STRICT_OBJC_MSGSEND = YES;
				ENABLE_TESTABILITY = YES;
				ENABLE_TESTING_SEARCH_PATHS = YES;
				GCC_C_LANGUAGE_STANDARD = gnu11;
				GCC_DYNAMIC_NO_PIC = NO;
				GCC_NO_COMMON_BLOCKS = YES;
				GCC_OPTIMIZATION_LEVEL = 0;
				GCC_PREPROCESSOR_DEFINITIONS = (
					"DEBUG=1",
					"$(inherited)",
				);
				GCC_WARN_64_TO_32_BIT_CONVERSION = YES;
				GCC_WARN_ABOUT_RETURN_TYPE = YES_ERROR;
				GCC_WARN_UNDECLARED_SELECTOR = YES;
				GCC_WARN_UNINITIALIZED_AUTOS = YES_AGGRESSIVE;
				GCC_WARN_UNUSED_FUNCTION = YES;
				GCC_WARN_UNUSED_VARIABLE = YES;
				IPHONEOS_DEPLOYMENT_TARGET = 15.0;
				MTL_ENABLE_DEBUG_INFO = INCLUDE_SOURCE;
				MTL_FAST_MATH = YES;
				ONLY_ACTIVE_ARCH = YES;
				SDKROOT = iphoneos;
				SWIFT_ACTIVE_COMPILATION_CONDITIONS = DEBUG;
				SWIFT_OPTIMIZATION_LEVEL = "-Onone";
			};
			name = Debug;
		};
		6097C9012875686000E39C43 /* Release */ = {
			isa = XCBuildConfiguration;
			buildSettings = {
				ALWAYS_SEARCH_USER_PATHS = NO;
				CLANG_ANALYZER_NONNULL = YES;
				CLANG_ANALYZER_NUMBER_OBJECT_CONVERSION = YES_AGGRESSIVE;
				CLANG_CXX_LANGUAGE_STANDARD = "gnu++17";
				CLANG_ENABLE_MODULES = YES;
				CLANG_ENABLE_OBJC_ARC = YES;
				CLANG_ENABLE_OBJC_WEAK = YES;
				CLANG_WARN_BLOCK_CAPTURE_AUTORELEASING = YES;
				CLANG_WARN_BOOL_CONVERSION = YES;
				CLANG_WARN_COMMA = YES;
				CLANG_WARN_CONSTANT_CONVERSION = YES;
				CLANG_WARN_DEPRECATED_OBJC_IMPLEMENTATIONS = YES;
				CLANG_WARN_DIRECT_OBJC_ISA_USAGE = YES_ERROR;
				CLANG_WARN_DOCUMENTATION_COMMENTS = YES;
				CLANG_WARN_EMPTY_BODY = YES;
				CLANG_WARN_ENUM_CONVERSION = YES;
				CLANG_WARN_INFINITE_RECURSION = YES;
				CLANG_WARN_INT_CONVERSION = YES;
				CLANG_WARN_NON_LITERAL_NULL_CONVERSION = YES;
				CLANG_WARN_OBJC_IMPLICIT_RETAIN_SELF = YES;
				CLANG_WARN_OBJC_LITERAL_CONVERSION = YES;
				CLANG_WARN_OBJC_ROOT_CLASS = YES_ERROR;
				CLANG_WARN_QUOTED_INCLUDE_IN_FRAMEWORK_HEADER = YES;
				CLANG_WARN_RANGE_LOOP_ANALYSIS = YES;
				CLANG_WARN_STRICT_PROTOTYPES = YES;
				CLANG_WARN_SUSPICIOUS_MOVE = YES;
				CLANG_WARN_UNGUARDED_AVAILABILITY = YES_AGGRESSIVE;
				CLANG_WARN_UNREACHABLE_CODE = YES;
				CLANG_WARN__DUPLICATE_METHOD_MATCH = YES;
				COPY_PHASE_STRIP = NO;
				DEBUG_INFORMATION_FORMAT = "dwarf-with-dsym";
				ENABLE_NS_ASSERTIONS = NO;
				ENABLE_STRICT_OBJC_MSGSEND = YES;
				ENABLE_TESTING_SEARCH_PATHS = YES;
				GCC_C_LANGUAGE_STANDARD = gnu11;
				GCC_NO_COMMON_BLOCKS = YES;
				GCC_WARN_64_TO_32_BIT_CONVERSION = YES;
				GCC_WARN_ABOUT_RETURN_TYPE = YES_ERROR;
				GCC_WARN_UNDECLARED_SELECTOR = YES;
				GCC_WARN_UNINITIALIZED_AUTOS = YES_AGGRESSIVE;
				GCC_WARN_UNUSED_FUNCTION = YES;
				GCC_WARN_UNUSED_VARIABLE = YES;
				IPHONEOS_DEPLOYMENT_TARGET = 15.0;
				MTL_ENABLE_DEBUG_INFO = NO;
				MTL_FAST_MATH = YES;
				SDKROOT = iphoneos;
				SWIFT_COMPILATION_MODE = wholemodule;
				SWIFT_OPTIMIZATION_LEVEL = "-O";
				VALIDATE_PRODUCT = YES;
			};
			name = Release;
		};
		6097C9032875686000E39C43 /* Debug */ = {
			isa = XCBuildConfiguration;
			buildSettings = {
				ASSETCATALOG_COMPILER_APPICON_NAME = AppIcon;
				ASSETCATALOG_COMPILER_GLOBAL_ACCENT_COLOR_NAME = AccentColor;
				CODE_SIGN_STYLE = Automatic;
				CURRENT_PROJECT_VERSION = 1;
				DEVELOPMENT_TEAM = 4A3GDCJZQY;
				ENABLE_TESTING_SEARCH_PATHS = YES;
				GENERATE_INFOPLIST_FILE = YES;
				INFOPLIST_FILE = Currency/Resources/Info.plist;
				INFOPLIST_KEY_CFBundleDisplayName = Currency;
				INFOPLIST_KEY_UIApplicationSupportsIndirectInputEvents = YES;
				INFOPLIST_KEY_UILaunchStoryboardName = LaunchScreen;
				INFOPLIST_KEY_UIMainStoryboardFile = Main;
				INFOPLIST_KEY_UISupportedInterfaceOrientations = "UIInterfaceOrientationPortrait UIInterfaceOrientationPortraitUpsideDown UIInterfaceOrientationLandscapeLeft UIInterfaceOrientationLandscapeRight";
				INFOPLIST_KEY_UISupportedInterfaceOrientations_iPad = "UIInterfaceOrientationPortrait UIInterfaceOrientationPortraitUpsideDown UIInterfaceOrientationLandscapeLeft UIInterfaceOrientationLandscapeRight";
				INFOPLIST_KEY_UISupportedInterfaceOrientations_iPhone = "UIInterfaceOrientationPortrait UIInterfaceOrientationLandscapeLeft UIInterfaceOrientationLandscapeRight";
				LD_RUNPATH_SEARCH_PATHS = (
					"$(inherited)",
					"@executable_path/Frameworks",
				);
				MARKETING_VERSION = 1.0;
				PRODUCT_BUNDLE_IDENTIFIER = com.MohamedSamirEG.Currency;
				PRODUCT_NAME = "$(TARGET_NAME)";
				SWIFT_EMIT_LOC_STRINGS = YES;
				SWIFT_VERSION = 5.0;
				TARGETED_DEVICE_FAMILY = "1,2";
			};
			name = Debug;
		};
		6097C9042875686000E39C43 /* Release */ = {
			isa = XCBuildConfiguration;
			buildSettings = {
				ASSETCATALOG_COMPILER_APPICON_NAME = AppIcon;
				ASSETCATALOG_COMPILER_GLOBAL_ACCENT_COLOR_NAME = AccentColor;
				CODE_SIGN_STYLE = Automatic;
				CURRENT_PROJECT_VERSION = 1;
				DEVELOPMENT_TEAM = 4A3GDCJZQY;
				ENABLE_TESTING_SEARCH_PATHS = YES;
				GENERATE_INFOPLIST_FILE = YES;
				INFOPLIST_FILE = Currency/Resources/Info.plist;
				INFOPLIST_KEY_CFBundleDisplayName = Currency;
				INFOPLIST_KEY_UIApplicationSupportsIndirectInputEvents = YES;
				INFOPLIST_KEY_UILaunchStoryboardName = LaunchScreen;
				INFOPLIST_KEY_UIMainStoryboardFile = Main;
				INFOPLIST_KEY_UISupportedInterfaceOrientations = "UIInterfaceOrientationPortrait UIInterfaceOrientationPortraitUpsideDown UIInterfaceOrientationLandscapeLeft UIInterfaceOrientationLandscapeRight";
				INFOPLIST_KEY_UISupportedInterfaceOrientations_iPad = "UIInterfaceOrientationPortrait UIInterfaceOrientationPortraitUpsideDown UIInterfaceOrientationLandscapeLeft UIInterfaceOrientationLandscapeRight";
				INFOPLIST_KEY_UISupportedInterfaceOrientations_iPhone = "UIInterfaceOrientationPortrait UIInterfaceOrientationLandscapeLeft UIInterfaceOrientationLandscapeRight";
				LD_RUNPATH_SEARCH_PATHS = (
					"$(inherited)",
					"@executable_path/Frameworks",
				);
				MARKETING_VERSION = 1.0;
				PRODUCT_BUNDLE_IDENTIFIER = com.MohamedSamirEG.Currency;
				PRODUCT_NAME = "$(TARGET_NAME)";
				SWIFT_EMIT_LOC_STRINGS = YES;
				SWIFT_VERSION = 5.0;
				TARGETED_DEVICE_FAMILY = "1,2";
			};
			name = Release;
		};
/* End XCBuildConfiguration section */

/* Begin XCConfigurationList section */
		6097C8E92875685E00E39C43 /* Build configuration list for PBXProject "Currency" */ = {
			isa = XCConfigurationList;
			buildConfigurations = (
				6097C9002875686000E39C43 /* Debug */,
				6097C9012875686000E39C43 /* Release */,
			);
			defaultConfigurationIsVisible = 0;
			defaultConfigurationName = Release;
		};
		6097C9022875686000E39C43 /* Build configuration list for PBXNativeTarget "Currency" */ = {
			isa = XCConfigurationList;
			buildConfigurations = (
				6097C9032875686000E39C43 /* Debug */,
				6097C9042875686000E39C43 /* Release */,
			);
			defaultConfigurationIsVisible = 0;
			defaultConfigurationName = Release;
		};
/* End XCConfigurationList section */

/* Begin XCRemoteSwiftPackageReference section */
		604B364828D757D10010800B /* XCRemoteSwiftPackageReference "RxSwift" */ = {
			isa = XCRemoteSwiftPackageReference;
			repositoryURL = "https://github.com/ReactiveX/RxSwift";
			requirement = {
				kind = upToNextMajorVersion;
				minimumVersion = 6.0.0;
			};
		};
/* End XCRemoteSwiftPackageReference section */

/* Begin XCSwiftPackageProductDependency section */
		604B364928D757D10010800B /* RxCocoa */ = {
			isa = XCSwiftPackageProductDependency;
			package = 604B364828D757D10010800B /* XCRemoteSwiftPackageReference "RxSwift" */;
			productName = RxCocoa;
		};
		604B364B28D757D10010800B /* RxSwift */ = {
			isa = XCSwiftPackageProductDependency;
			package = 604B364828D757D10010800B /* XCRemoteSwiftPackageReference "RxSwift" */;
			productName = RxSwift;
		};
/* End XCSwiftPackageProductDependency section */

/* Begin XCVersionGroup section */
		604BB13C28E3523E00BC1E07 /* Currency.xcdatamodeld */ = {
			isa = XCVersionGroup;
			children = (
				604BB13D28E3523E00BC1E07 /* Currency.xcdatamodel */,
			);
			currentVersion = 604BB13D28E3523E00BC1E07 /* Currency.xcdatamodel */;
			path = Currency.xcdatamodeld;
			sourceTree = "<group>";
			versionGroupType = wrapper.xcdatamodel;
		};
/* End XCVersionGroup section */
	};
	rootObject = 6097C8E62875685E00E39C43 /* Project object */;
}
