// !$*UTF8*$!
{
	archiveVersion = 1;
	classes = {
	};
	objectVersion = 55;
	objects = {

/* Begin PBXBuildFile section */
		604282EF2878546C001562C4 /* UIButton+Extention.swift in Sources */ = {isa = PBXBuildFile; fileRef = 604282EE2878546C001562C4 /* UIButton+Extention.swift */; };
		604282F12878570B001562C4 /* UITextField+Extention.swift in Sources */ = {isa = PBXBuildFile; fileRef = 604282F02878570B001562C4 /* UITextField+Extention.swift */; };
		604282F328785C01001562C4 /* CurrencyConvertVC+TableViewDelgate.swift in Sources */ = {isa = PBXBuildFile; fileRef = 604282F228785C01001562C4 /* CurrencyConvertVC+TableViewDelgate.swift */; };
		604282F528785C0F001562C4 /* CurrencyConvertVC+TableViewDataSource.swift in Sources */ = {isa = PBXBuildFile; fileRef = 604282F428785C0F001562C4 /* CurrencyConvertVC+TableViewDataSource.swift */; };
		604282F8287878FF001562C4 /* WebService.swift in Sources */ = {isa = PBXBuildFile; fileRef = 604282F7287878FF001562C4 /* WebService.swift */; };
		604282FC2878819A001562C4 /* Endpoints.swift in Sources */ = {isa = PBXBuildFile; fileRef = 604282FB2878819A001562C4 /* Endpoints.swift */; };
		604282FE287883C2001562C4 /* CurrencySymbolsModel.swift in Sources */ = {isa = PBXBuildFile; fileRef = 604282FD287883C2001562C4 /* CurrencySymbolsModel.swift */; };
		6097C8F22875685E00E39C43 /* AppDelegate.swift in Sources */ = {isa = PBXBuildFile; fileRef = 6097C8F12875685E00E39C43 /* AppDelegate.swift */; };
		6097C8F42875685E00E39C43 /* SceneDelegate.swift in Sources */ = {isa = PBXBuildFile; fileRef = 6097C8F32875685E00E39C43 /* SceneDelegate.swift */; };
		6097C8F92875685E00E39C43 /* Main.storyboard in Resources */ = {isa = PBXBuildFile; fileRef = 6097C8F72875685E00E39C43 /* Main.storyboard */; };
		6097C8FB2875686000E39C43 /* Assets.xcassets in Resources */ = {isa = PBXBuildFile; fileRef = 6097C8FA2875686000E39C43 /* Assets.xcassets */; };
		6097C8FE2875686000E39C43 /* LaunchScreen.storyboard in Resources */ = {isa = PBXBuildFile; fileRef = 6097C8FC2875686000E39C43 /* LaunchScreen.storyboard */; };
		60FA8A8E287582F000C7811E /* DetailsViewController.swift in Sources */ = {isa = PBXBuildFile; fileRef = 60FA8A8D287582F000C7811E /* DetailsViewController.swift */; };
		60FA8A912875831300C7811E /* CurrencyConvertViewController.swift in Sources */ = {isa = PBXBuildFile; fileRef = 60FA8A902875831300C7811E /* CurrencyConvertViewController.swift */; };
		60FA8A952875D47300C7811E /* UITableView+Generics.swift in Sources */ = {isa = PBXBuildFile; fileRef = 60FA8A932875D47300C7811E /* UITableView+Generics.swift */; };
		60FA8A962875D47300C7811E /* UICollectionView+Generics.swift in Sources */ = {isa = PBXBuildFile; fileRef = 60FA8A942875D47300C7811E /* UICollectionView+Generics.swift */; };
		60FA8A9D2875DA0B00C7811E /* CurrencyTableViewCell.swift in Sources */ = {isa = PBXBuildFile; fileRef = 60FA8A9B2875DA0B00C7811E /* CurrencyTableViewCell.swift */; };
		60FA8A9E2875DA0B00C7811E /* CurrencyTableViewCell.xib in Resources */ = {isa = PBXBuildFile; fileRef = 60FA8A9C2875DA0B00C7811E /* CurrencyTableViewCell.xib */; };
		F2BE36D5AF1D1CD06E0BE758 /* Pods_Currency.framework in Frameworks */ = {isa = PBXBuildFile; fileRef = E3B65736DCFDF9617E904C26 /* Pods_Currency.framework */; };
/* End PBXBuildFile section */

/* Begin PBXFileReference section */
		604282EE2878546C001562C4 /* UIButton+Extention.swift */ = {isa = PBXFileReference; lastKnownFileType = sourcecode.swift; path = "UIButton+Extention.swift"; sourceTree = "<group>"; };
		604282F02878570B001562C4 /* UITextField+Extention.swift */ = {isa = PBXFileReference; lastKnownFileType = sourcecode.swift; path = "UITextField+Extention.swift"; sourceTree = "<group>"; };
		604282F228785C01001562C4 /* CurrencyConvertVC+TableViewDelgate.swift */ = {isa = PBXFileReference; lastKnownFileType = sourcecode.swift; path = "CurrencyConvertVC+TableViewDelgate.swift"; sourceTree = "<group>"; };
		604282F428785C0F001562C4 /* CurrencyConvertVC+TableViewDataSource.swift */ = {isa = PBXFileReference; lastKnownFileType = sourcecode.swift; path = "CurrencyConvertVC+TableViewDataSource.swift"; sourceTree = "<group>"; };
		604282F7287878FF001562C4 /* WebService.swift */ = {isa = PBXFileReference; lastKnownFileType = sourcecode.swift; path = WebService.swift; sourceTree = "<group>"; };
		604282FB2878819A001562C4 /* Endpoints.swift */ = {isa = PBXFileReference; lastKnownFileType = sourcecode.swift; path = Endpoints.swift; sourceTree = "<group>"; };
		604282FD287883C2001562C4 /* CurrencySymbolsModel.swift */ = {isa = PBXFileReference; lastKnownFileType = sourcecode.swift; path = CurrencySymbolsModel.swift; sourceTree = "<group>"; };
		6097C8EE2875685E00E39C43 /* Currency.app */ = {isa = PBXFileReference; explicitFileType = wrapper.application; includeInIndex = 0; path = Currency.app; sourceTree = BUILT_PRODUCTS_DIR; };
		6097C8F12875685E00E39C43 /* AppDelegate.swift */ = {isa = PBXFileReference; lastKnownFileType = sourcecode.swift; path = AppDelegate.swift; sourceTree = "<group>"; };
		6097C8F32875685E00E39C43 /* SceneDelegate.swift */ = {isa = PBXFileReference; lastKnownFileType = sourcecode.swift; path = SceneDelegate.swift; sourceTree = "<group>"; };
		6097C8F82875685E00E39C43 /* Base */ = {isa = PBXFileReference; lastKnownFileType = file.storyboard; name = Base; path = Base.lproj/Main.storyboard; sourceTree = "<group>"; };
		6097C8FA2875686000E39C43 /* Assets.xcassets */ = {isa = PBXFileReference; lastKnownFileType = folder.assetcatalog; path = Assets.xcassets; sourceTree = "<group>"; };
		6097C8FD2875686000E39C43 /* Base */ = {isa = PBXFileReference; lastKnownFileType = file.storyboard; name = Base; path = Base.lproj/LaunchScreen.storyboard; sourceTree = "<group>"; };
		6097C8FF2875686000E39C43 /* Info.plist */ = {isa = PBXFileReference; lastKnownFileType = text.plist.xml; path = Info.plist; sourceTree = "<group>"; };
		60FA8A8D287582F000C7811E /* DetailsViewController.swift */ = {isa = PBXFileReference; lastKnownFileType = sourcecode.swift; path = DetailsViewController.swift; sourceTree = "<group>"; };
		60FA8A902875831300C7811E /* CurrencyConvertViewController.swift */ = {isa = PBXFileReference; lastKnownFileType = sourcecode.swift; path = CurrencyConvertViewController.swift; sourceTree = "<group>"; };
		60FA8A932875D47300C7811E /* UITableView+Generics.swift */ = {isa = PBXFileReference; fileEncoding = 4; lastKnownFileType = sourcecode.swift; path = "UITableView+Generics.swift"; sourceTree = "<group>"; };
		60FA8A942875D47300C7811E /* UICollectionView+Generics.swift */ = {isa = PBXFileReference; fileEncoding = 4; lastKnownFileType = sourcecode.swift; path = "UICollectionView+Generics.swift"; sourceTree = "<group>"; };
		60FA8A9B2875DA0B00C7811E /* CurrencyTableViewCell.swift */ = {isa = PBXFileReference; lastKnownFileType = sourcecode.swift; path = CurrencyTableViewCell.swift; sourceTree = "<group>"; };
		60FA8A9C2875DA0B00C7811E /* CurrencyTableViewCell.xib */ = {isa = PBXFileReference; lastKnownFileType = file.xib; path = CurrencyTableViewCell.xib; sourceTree = "<group>"; };
		6EDE90614A60084795A172E3 /* Pods-Currency.debug.xcconfig */ = {isa = PBXFileReference; includeInIndex = 1; lastKnownFileType = text.xcconfig; name = "Pods-Currency.debug.xcconfig"; path = "Target Support Files/Pods-Currency/Pods-Currency.debug.xcconfig"; sourceTree = "<group>"; };
		E3B65736DCFDF9617E904C26 /* Pods_Currency.framework */ = {isa = PBXFileReference; explicitFileType = wrapper.framework; includeInIndex = 0; path = Pods_Currency.framework; sourceTree = BUILT_PRODUCTS_DIR; };
		E5559DF33F0EC2DD67E5C791 /* Pods-Currency.release.xcconfig */ = {isa = PBXFileReference; includeInIndex = 1; lastKnownFileType = text.xcconfig; name = "Pods-Currency.release.xcconfig"; path = "Target Support Files/Pods-Currency/Pods-Currency.release.xcconfig"; sourceTree = "<group>"; };
/* End PBXFileReference section */

/* Begin PBXFrameworksBuildPhase section */
		6097C8EB2875685E00E39C43 /* Frameworks */ = {
			isa = PBXFrameworksBuildPhase;
			buildActionMask = 2147483647;
			files = (
				F2BE36D5AF1D1CD06E0BE758 /* Pods_Currency.framework in Frameworks */,
			);
			runOnlyForDeploymentPostprocessing = 0;
		};
/* End PBXFrameworksBuildPhase section */

/* Begin PBXGroup section */
		5AE884781982177D94E8A38F /* Pods */ = {
			isa = PBXGroup;
			children = (
				6EDE90614A60084795A172E3 /* Pods-Currency.debug.xcconfig */,
				E5559DF33F0EC2DD67E5C791 /* Pods-Currency.release.xcconfig */,
			);
			path = Pods;
			sourceTree = "<group>";
		};
		604282ED28784D65001562C4 /* ButtonsConverterCell */ = {
			isa = PBXGroup;
			children = (
			);
			path = ButtonsConverterCell;
			sourceTree = "<group>";
		};
		604282F6287878EA001562C4 /* WebSerices */ = {
			isa = PBXGroup;
			children = (
				604282F7287878FF001562C4 /* WebService.swift */,
				604282FB2878819A001562C4 /* Endpoints.swift */,
			);
			path = WebSerices;
			sourceTree = "<group>";
		};
		6097C8E52875685E00E39C43 = {
			isa = PBXGroup;
			children = (
				6097C8F02875685E00E39C43 /* Currency */,
				6097C8EF2875685E00E39C43 /* Products */,
				5AE884781982177D94E8A38F /* Pods */,
				AFA22413A2C158F557CA6470 /* Frameworks */,
			);
			sourceTree = "<group>";
		};
		6097C8EF2875685E00E39C43 /* Products */ = {
			isa = PBXGroup;
			children = (
				6097C8EE2875685E00E39C43 /* Currency.app */,
			);
			name = Products;
			sourceTree = "<group>";
		};
		6097C8F02875685E00E39C43 /* Currency */ = {
			isa = PBXGroup;
			children = (
				60FA8A922875D47300C7811E /* Extention */,
				60B0063F287576AB00C3652B /* Features */,
				60B0063C287575D800C3652B /* View */,
				60B0063E2875761800C3652B /* Resources */,
				60B0063B287575BE00C3652B /* Core */,
			);
			path = Currency;
			sourceTree = "<group>";
		};
		60B0063B287575BE00C3652B /* Core */ = {
			isa = PBXGroup;
			children = (
				6097C8F12875685E00E39C43 /* AppDelegate.swift */,
				6097C8F32875685E00E39C43 /* SceneDelegate.swift */,
			);
			path = Core;
			sourceTree = "<group>";
		};
		60B0063C287575D800C3652B /* View */ = {
			isa = PBXGroup;
			children = (
				60B006442875776000C3652B /* GenericCell */,
				60B0063D287575ED00C3652B /* Storyboard */,
			);
			path = View;
			sourceTree = "<group>";
		};
		60B0063D287575ED00C3652B /* Storyboard */ = {
			isa = PBXGroup;
			children = (
				6097C8F72875685E00E39C43 /* Main.storyboard */,
				6097C8FC2875686000E39C43 /* LaunchScreen.storyboard */,
			);
			path = Storyboard;
			sourceTree = "<group>";
		};
		60B0063E2875761800C3652B /* Resources */ = {
			isa = PBXGroup;
			children = (
				6097C8FA2875686000E39C43 /* Assets.xcassets */,
				6097C8FF2875686000E39C43 /* Info.plist */,
			);
			path = Resources;
			sourceTree = "<group>";
		};
		60B0063F287576AB00C3652B /* Features */ = {
			isa = PBXGroup;
			children = (
				60B00640287576C300C3652B /* ConvertCurrency */,
				60FA8A892875825700C7811E /* DetailsOfCurrency */,
			);
			path = Features;
			sourceTree = "<group>";
		};
		60B00640287576C300C3652B /* ConvertCurrency */ = {
			isa = PBXGroup;
			children = (
				60B00641287576E500C3652B /* Model */,
				60B006432875770B00C3652B /* View Model */,
				60B00642287576EC00C3652B /* View */,
			);
			path = ConvertCurrency;
			sourceTree = "<group>";
		};
		60B00641287576E500C3652B /* Model */ = {
			isa = PBXGroup;
			children = (
				604282FD287883C2001562C4 /* CurrencySymbolsModel.swift */,
			);
			path = Model;
			sourceTree = "<group>";
		};
		60B00642287576EC00C3652B /* View */ = {
			isa = PBXGroup;
			children = (
				60FA8AA02875DB4500C7811E /* Controllers */,
				60FA8A9F2875DA1C00C7811E /* Cell */,
			);
			path = View;
			sourceTree = "<group>";
		};
		60B006432875770B00C3652B /* View Model */ = {
			isa = PBXGroup;
			children = (
			);
			path = "View Model";
			sourceTree = "<group>";
		};
		60B006442875776000C3652B /* GenericCell */ = {
			isa = PBXGroup;
			children = (
			);
			path = GenericCell;
			sourceTree = "<group>";
		};
		60FA8A892875825700C7811E /* DetailsOfCurrency */ = {
			isa = PBXGroup;
			children = (
				60FA8A8C2875828A00C7811E /* View Model */,
				60FA8A8B2875828500C7811E /* View */,
				60FA8A8A2875826C00C7811E /* Model */,
			);
			path = DetailsOfCurrency;
			sourceTree = "<group>";
		};
		60FA8A8A2875826C00C7811E /* Model */ = {
			isa = PBXGroup;
			children = (
			);
			path = Model;
			sourceTree = "<group>";
		};
		60FA8A8B2875828500C7811E /* View */ = {
			isa = PBXGroup;
			children = (
				60FA8AA22875DB6600C7811E /* Cell */,
				60FA8AA12875DB5600C7811E /* Contollers */,
			);
			path = View;
			sourceTree = "<group>";
		};
		60FA8A8C2875828A00C7811E /* View Model */ = {
			isa = PBXGroup;
			children = (
			);
			path = "View Model";
			sourceTree = "<group>";
		};
		60FA8A922875D47300C7811E /* Extention */ = {
			isa = PBXGroup;
			children = (
				604282F6287878EA001562C4 /* WebSerices */,
				60FA8A932875D47300C7811E /* UITableView+Generics.swift */,
				60FA8A942875D47300C7811E /* UICollectionView+Generics.swift */,
				604282EE2878546C001562C4 /* UIButton+Extention.swift */,
				604282F02878570B001562C4 /* UITextField+Extention.swift */,
			);
			path = Extention;
			sourceTree = "<group>";
		};
		60FA8A9F2875DA1C00C7811E /* Cell */ = {
			isa = PBXGroup;
			children = (
				604282ED28784D65001562C4 /* ButtonsConverterCell */,
				60FA8AA32875DCF500C7811E /* CuurencyTableViewCell */,
			);
			path = Cell;
			sourceTree = "<group>";
		};
		60FA8AA02875DB4500C7811E /* Controllers */ = {
			isa = PBXGroup;
			children = (
				60FA8A902875831300C7811E /* CurrencyConvertViewController.swift */,
				604282F228785C01001562C4 /* CurrencyConvertVC+TableViewDelgate.swift */,
				604282F428785C0F001562C4 /* CurrencyConvertVC+TableViewDataSource.swift */,
			);
			path = Controllers;
			sourceTree = "<group>";
		};
		60FA8AA12875DB5600C7811E /* Contollers */ = {
			isa = PBXGroup;
			children = (
				60FA8A8D287582F000C7811E /* DetailsViewController.swift */,
			);
			path = Contollers;
			sourceTree = "<group>";
		};
		60FA8AA22875DB6600C7811E /* Cell */ = {
			isa = PBXGroup;
			children = (
			);
			path = Cell;
			sourceTree = "<group>";
		};
		60FA8AA32875DCF500C7811E /* CuurencyTableViewCell */ = {
			isa = PBXGroup;
			children = (
				60FA8A9B2875DA0B00C7811E /* CurrencyTableViewCell.swift */,
				60FA8A9C2875DA0B00C7811E /* CurrencyTableViewCell.xib */,
			);
			path = CuurencyTableViewCell;
			sourceTree = "<group>";
		};
		AFA22413A2C158F557CA6470 /* Frameworks */ = {
			isa = PBXGroup;
			children = (
				E3B65736DCFDF9617E904C26 /* Pods_Currency.framework */,
			);
			name = Frameworks;
			sourceTree = "<group>";
		};
/* End PBXGroup section */

/* Begin PBXNativeTarget section */
		6097C8ED2875685E00E39C43 /* Currency */ = {
			isa = PBXNativeTarget;
			buildConfigurationList = 6097C9022875686000E39C43 /* Build configuration list for PBXNativeTarget "Currency" */;
			buildPhases = (
				59C72CD070C7B7F58957C959 /* [CP] Check Pods Manifest.lock */,
				6097C8EA2875685E00E39C43 /* Sources */,
				6097C8EB2875685E00E39C43 /* Frameworks */,
				6097C8EC2875685E00E39C43 /* Resources */,
				61515C11E2805C1ADCD70CCB /* [CP] Embed Pods Frameworks */,
			);
			buildRules = (
			);
			dependencies = (
			);
			name = Currency;
			productName = Currency;
			productReference = 6097C8EE2875685E00E39C43 /* Currency.app */;
			productType = "com.apple.product-type.application";
		};
/* End PBXNativeTarget section */

/* Begin PBXProject section */
		6097C8E62875685E00E39C43 /* Project object */ = {
			isa = PBXProject;
			attributes = {
				BuildIndependentTargetsInParallel = 1;
				LastSwiftUpdateCheck = 1340;
				LastUpgradeCheck = 1340;
				TargetAttributes = {
					6097C8ED2875685E00E39C43 = {
						CreatedOnToolsVersion = 13.4.1;
					};
				};
			};
			buildConfigurationList = 6097C8E92875685E00E39C43 /* Build configuration list for PBXProject "Currency" */;
			compatibilityVersion = "Xcode 13.0";
			developmentRegion = en;
			hasScannedForEncodings = 0;
			knownRegions = (
				en,
				Base,
			);
			mainGroup = 6097C8E52875685E00E39C43;
			productRefGroup = 6097C8EF2875685E00E39C43 /* Products */;
			projectDirPath = "";
			projectRoot = "";
			targets = (
				6097C8ED2875685E00E39C43 /* Currency */,
			);
		};
/* End PBXProject section */

/* Begin PBXResourcesBuildPhase section */
		6097C8EC2875685E00E39C43 /* Resources */ = {
			isa = PBXResourcesBuildPhase;
			buildActionMask = 2147483647;
			files = (
				6097C8FE2875686000E39C43 /* LaunchScreen.storyboard in Resources */,
				6097C8FB2875686000E39C43 /* Assets.xcassets in Resources */,
				6097C8F92875685E00E39C43 /* Main.storyboard in Resources */,
				60FA8A9E2875DA0B00C7811E /* CurrencyTableViewCell.xib in Resources */,
			);
			runOnlyForDeploymentPostprocessing = 0;
		};
/* End PBXResourcesBuildPhase section */

/* Begin PBXShellScriptBuildPhase section */
		59C72CD070C7B7F58957C959 /* [CP] Check Pods Manifest.lock */ = {
			isa = PBXShellScriptBuildPhase;
			buildActionMask = 2147483647;
			files = (
			);
			inputFileListPaths = (
			);
			inputPaths = (
				"${PODS_PODFILE_DIR_PATH}/Podfile.lock",
				"${PODS_ROOT}/Manifest.lock",
			);
			name = "[CP] Check Pods Manifest.lock";
			outputFileListPaths = (
			);
			outputPaths = (
				"$(DERIVED_FILE_DIR)/Pods-Currency-checkManifestLockResult.txt",
			);
			runOnlyForDeploymentPostprocessing = 0;
			shellPath = /bin/sh;
			shellScript = "diff \"${PODS_PODFILE_DIR_PATH}/Podfile.lock\" \"${PODS_ROOT}/Manifest.lock\" > /dev/null\nif [ $? != 0 ] ; then\n    # print error to STDERR\n    echo \"error: The sandbox is not in sync with the Podfile.lock. Run 'pod install' or update your CocoaPods installation.\" >&2\n    exit 1\nfi\n# This output is used by Xcode 'outputs' to avoid re-running this script phase.\necho \"SUCCESS\" > \"${SCRIPT_OUTPUT_FILE_0}\"\n";
			showEnvVarsInLog = 0;
		};
		61515C11E2805C1ADCD70CCB /* [CP] Embed Pods Frameworks */ = {
			isa = PBXShellScriptBuildPhase;
			buildActionMask = 2147483647;
			files = (
			);
			inputFileListPaths = (
				"${PODS_ROOT}/Target Support Files/Pods-Currency/Pods-Currency-frameworks-${CONFIGURATION}-input-files.xcfilelist",
			);
			name = "[CP] Embed Pods Frameworks";
			outputFileListPaths = (
				"${PODS_ROOT}/Target Support Files/Pods-Currency/Pods-Currency-frameworks-${CONFIGURATION}-output-files.xcfilelist",
			);
			runOnlyForDeploymentPostprocessing = 0;
			shellPath = /bin/sh;
			shellScript = "\"${PODS_ROOT}/Target Support Files/Pods-Currency/Pods-Currency-frameworks.sh\"\n";
			showEnvVarsInLog = 0;
		};
/* End PBXShellScriptBuildPhase section */

/* Begin PBXSourcesBuildPhase section */
		6097C8EA2875685E00E39C43 /* Sources */ = {
			isa = PBXSourcesBuildPhase;
			buildActionMask = 2147483647;
			files = (
				604282FE287883C2001562C4 /* CurrencySymbolsModel.swift in Sources */,
				60FA8A952875D47300C7811E /* UITableView+Generics.swift in Sources */,
				6097C8F22875685E00E39C43 /* AppDelegate.swift in Sources */,
				60FA8A962875D47300C7811E /* UICollectionView+Generics.swift in Sources */,
				60FA8A912875831300C7811E /* CurrencyConvertViewController.swift in Sources */,
				60FA8A9D2875DA0B00C7811E /* CurrencyTableViewCell.swift in Sources */,
				604282EF2878546C001562C4 /* UIButton+Extention.swift in Sources */,
				6097C8F42875685E00E39C43 /* SceneDelegate.swift in Sources */,
				604282F12878570B001562C4 /* UITextField+Extention.swift in Sources */,
				604282F528785C0F001562C4 /* CurrencyConvertVC+TableViewDataSource.swift in Sources */,
				604282FC2878819A001562C4 /* Endpoints.swift in Sources */,
				604282F8287878FF001562C4 /* WebService.swift in Sources */,
				604282F328785C01001562C4 /* CurrencyConvertVC+TableViewDelgate.swift in Sources */,
				60FA8A8E287582F000C7811E /* DetailsViewController.swift in Sources */,
			);
			runOnlyForDeploymentPostprocessing = 0;
		};
/* End PBXSourcesBuildPhase section */

/* Begin PBXVariantGroup section */
		6097C8F72875685E00E39C43 /* Main.storyboard */ = {
			isa = PBXVariantGroup;
			children = (
				6097C8F82875685E00E39C43 /* Base */,
			);
			name = Main.storyboard;
			sourceTree = "<group>";
		};
		6097C8FC2875686000E39C43 /* LaunchScreen.storyboard */ = {
			isa = PBXVariantGroup;
			children = (
				6097C8FD2875686000E39C43 /* Base */,
			);
			name = LaunchScreen.storyboard;
			sourceTree = "<group>";
		};
/* End PBXVariantGroup section */

/* Begin XCBuildConfiguration section */
		6097C9002875686000E39C43 /* Debug */ = {
			isa = XCBuildConfiguration;
			buildSettings = {
				ALWAYS_SEARCH_USER_PATHS = NO;
				CLANG_ANALYZER_NONNULL = YES;
				CLANG_ANALYZER_NUMBER_OBJECT_CONVERSION = YES_AGGRESSIVE;
				CLANG_CXX_LANGUAGE_STANDARD = "gnu++17";
				CLANG_ENABLE_MODULES = YES;
				CLANG_ENABLE_OBJC_ARC = YES;
				CLANG_ENABLE_OBJC_WEAK = YES;
				CLANG_WARN_BLOCK_CAPTURE_AUTORELEASING = YES;
				CLANG_WARN_BOOL_CONVERSION = YES;
				CLANG_WARN_COMMA = YES;
				CLANG_WARN_CONSTANT_CONVERSION = YES;
				CLANG_WARN_DEPRECATED_OBJC_IMPLEMENTATIONS = YES;
				CLANG_WARN_DIRECT_OBJC_ISA_USAGE = YES_ERROR;
				CLANG_WARN_DOCUMENTATION_COMMENTS = YES;
				CLANG_WARN_EMPTY_BODY = YES;
				CLANG_WARN_ENUM_CONVERSION = YES;
				CLANG_WARN_INFINITE_RECURSION = YES;
				CLANG_WARN_INT_CONVERSION = YES;
				CLANG_WARN_NON_LITERAL_NULL_CONVERSION = YES;
				CLANG_WARN_OBJC_IMPLICIT_RETAIN_SELF = YES;
				CLANG_WARN_OBJC_LITERAL_CONVERSION = YES;
				CLANG_WARN_OBJC_ROOT_CLASS = YES_ERROR;
				CLANG_WARN_QUOTED_INCLUDE_IN_FRAMEWORK_HEADER = YES;
				CLANG_WARN_RANGE_LOOP_ANALYSIS = YES;
				CLANG_WARN_STRICT_PROTOTYPES = YES;
				CLANG_WARN_SUSPICIOUS_MOVE = YES;
				CLANG_WARN_UNGUARDED_AVAILABILITY = YES_AGGRESSIVE;
				CLANG_WARN_UNREACHABLE_CODE = YES;
				CLANG_WARN__DUPLICATE_METHOD_MATCH = YES;
				COPY_PHASE_STRIP = NO;
				DEBUG_INFORMATION_FORMAT = dwarf;
				ENABLE_STRICT_OBJC_MSGSEND = YES;
				ENABLE_TESTABILITY = YES;
				GCC_C_LANGUAGE_STANDARD = gnu11;
				GCC_DYNAMIC_NO_PIC = NO;
				GCC_NO_COMMON_BLOCKS = YES;
				GCC_OPTIMIZATION_LEVEL = 0;
				GCC_PREPROCESSOR_DEFINITIONS = (
					"DEBUG=1",
					"$(inherited)",
				);
				GCC_WARN_64_TO_32_BIT_CONVERSION = YES;
				GCC_WARN_ABOUT_RETURN_TYPE = YES_ERROR;
				GCC_WARN_UNDECLARED_SELECTOR = YES;
				GCC_WARN_UNINITIALIZED_AUTOS = YES_AGGRESSIVE;
				GCC_WARN_UNUSED_FUNCTION = YES;
				GCC_WARN_UNUSED_VARIABLE = YES;
				IPHONEOS_DEPLOYMENT_TARGET = 15.5;
				MTL_ENABLE_DEBUG_INFO = INCLUDE_SOURCE;
				MTL_FAST_MATH = YES;
				ONLY_ACTIVE_ARCH = YES;
				SDKROOT = iphoneos;
				SWIFT_ACTIVE_COMPILATION_CONDITIONS = DEBUG;
				SWIFT_OPTIMIZATION_LEVEL = "-Onone";
			};
			name = Debug;
		};
		6097C9012875686000E39C43 /* Release */ = {
			isa = XCBuildConfiguration;
			buildSettings = {
				ALWAYS_SEARCH_USER_PATHS = NO;
				CLANG_ANALYZER_NONNULL = YES;
				CLANG_ANALYZER_NUMBER_OBJECT_CONVERSION = YES_AGGRESSIVE;
				CLANG_CXX_LANGUAGE_STANDARD = "gnu++17";
				CLANG_ENABLE_MODULES = YES;
				CLANG_ENABLE_OBJC_ARC = YES;
				CLANG_ENABLE_OBJC_WEAK = YES;
				CLANG_WARN_BLOCK_CAPTURE_AUTORELEASING = YES;
				CLANG_WARN_BOOL_CONVERSION = YES;
				CLANG_WARN_COMMA = YES;
				CLANG_WARN_CONSTANT_CONVERSION = YES;
				CLANG_WARN_DEPRECATED_OBJC_IMPLEMENTATIONS = YES;
				CLANG_WARN_DIRECT_OBJC_ISA_USAGE = YES_ERROR;
				CLANG_WARN_DOCUMENTATION_COMMENTS = YES;
				CLANG_WARN_EMPTY_BODY = YES;
				CLANG_WARN_ENUM_CONVERSION = YES;
				CLANG_WARN_INFINITE_RECURSION = YES;
				CLANG_WARN_INT_CONVERSION = YES;
				CLANG_WARN_NON_LITERAL_NULL_CONVERSION = YES;
				CLANG_WARN_OBJC_IMPLICIT_RETAIN_SELF = YES;
				CLANG_WARN_OBJC_LITERAL_CONVERSION = YES;
				CLANG_WARN_OBJC_ROOT_CLASS = YES_ERROR;
				CLANG_WARN_QUOTED_INCLUDE_IN_FRAMEWORK_HEADER = YES;
				CLANG_WARN_RANGE_LOOP_ANALYSIS = YES;
				CLANG_WARN_STRICT_PROTOTYPES = YES;
				CLANG_WARN_SUSPICIOUS_MOVE = YES;
				CLANG_WARN_UNGUARDED_AVAILABILITY = YES_AGGRESSIVE;
				CLANG_WARN_UNREACHABLE_CODE = YES;
				CLANG_WARN__DUPLICATE_METHOD_MATCH = YES;
				COPY_PHASE_STRIP = NO;
				DEBUG_INFORMATION_FORMAT = "dwarf-with-dsym";
				ENABLE_NS_ASSERTIONS = NO;
				ENABLE_STRICT_OBJC_MSGSEND = YES;
				GCC_C_LANGUAGE_STANDARD = gnu11;
				GCC_NO_COMMON_BLOCKS = YES;
				GCC_WARN_64_TO_32_BIT_CONVERSION = YES;
				GCC_WARN_ABOUT_RETURN_TYPE = YES_ERROR;
				GCC_WARN_UNDECLARED_SELECTOR = YES;
				GCC_WARN_UNINITIALIZED_AUTOS = YES_AGGRESSIVE;
				GCC_WARN_UNUSED_FUNCTION = YES;
				GCC_WARN_UNUSED_VARIABLE = YES;
				IPHONEOS_DEPLOYMENT_TARGET = 15.5;
				MTL_ENABLE_DEBUG_INFO = NO;
				MTL_FAST_MATH = YES;
				SDKROOT = iphoneos;
				SWIFT_COMPILATION_MODE = wholemodule;
				SWIFT_OPTIMIZATION_LEVEL = "-O";
				VALIDATE_PRODUCT = YES;
			};
			name = Release;
		};
		6097C9032875686000E39C43 /* Debug */ = {
			isa = XCBuildConfiguration;
			baseConfigurationReference = 6EDE90614A60084795A172E3 /* Pods-Currency.debug.xcconfig */;
			buildSettings = {
				ASSETCATALOG_COMPILER_APPICON_NAME = AppIcon;
				ASSETCATALOG_COMPILER_GLOBAL_ACCENT_COLOR_NAME = AccentColor;
				CODE_SIGN_STYLE = Automatic;
				CURRENT_PROJECT_VERSION = 1;
				DEVELOPMENT_TEAM = 4A3GDCJZQY;
				GENERATE_INFOPLIST_FILE = YES;
				INFOPLIST_FILE = Currency/Resources/Info.plist;
				INFOPLIST_KEY_CFBundleDisplayName = Currency;
				INFOPLIST_KEY_UIApplicationSupportsIndirectInputEvents = YES;
				INFOPLIST_KEY_UILaunchStoryboardName = LaunchScreen;
				INFOPLIST_KEY_UIMainStoryboardFile = Main;
				INFOPLIST_KEY_UISupportedInterfaceOrientations = "UIInterfaceOrientationPortrait UIInterfaceOrientationPortraitUpsideDown UIInterfaceOrientationLandscapeLeft UIInterfaceOrientationLandscapeRight";
				INFOPLIST_KEY_UISupportedInterfaceOrientations_iPad = "UIInterfaceOrientationPortrait UIInterfaceOrientationPortraitUpsideDown UIInterfaceOrientationLandscapeLeft UIInterfaceOrientationLandscapeRight";
				INFOPLIST_KEY_UISupportedInterfaceOrientations_iPhone = "UIInterfaceOrientationPortrait UIInterfaceOrientationLandscapeLeft UIInterfaceOrientationLandscapeRight";
				LD_RUNPATH_SEARCH_PATHS = (
					"$(inherited)",
					"@executable_path/Frameworks",
				);
				MARKETING_VERSION = 1.0;
				PRODUCT_BUNDLE_IDENTIFIER = com.MohamedSamirEG.Currency;
				PRODUCT_NAME = "$(TARGET_NAME)";
				SWIFT_EMIT_LOC_STRINGS = YES;
				SWIFT_VERSION = 5.0;
				TARGETED_DEVICE_FAMILY = 1;
			};
			name = Debug;
		};
		6097C9042875686000E39C43 /* Release */ = {
			isa = XCBuildConfiguration;
			baseConfigurationReference = E5559DF33F0EC2DD67E5C791 /* Pods-Currency.release.xcconfig */;
			buildSettings = {
				ASSETCATALOG_COMPILER_APPICON_NAME = AppIcon;
				ASSETCATALOG_COMPILER_GLOBAL_ACCENT_COLOR_NAME = AccentColor;
				CODE_SIGN_STYLE = Automatic;
				CURRENT_PROJECT_VERSION = 1;
				DEVELOPMENT_TEAM = 4A3GDCJZQY;
				GENERATE_INFOPLIST_FILE = YES;
				INFOPLIST_FILE = Currency/Resources/Info.plist;
				INFOPLIST_KEY_CFBundleDisplayName = Currency;
				INFOPLIST_KEY_UIApplicationSupportsIndirectInputEvents = YES;
				INFOPLIST_KEY_UILaunchStoryboardName = LaunchScreen;
				INFOPLIST_KEY_UIMainStoryboardFile = Main;
				INFOPLIST_KEY_UISupportedInterfaceOrientations = "UIInterfaceOrientationPortrait UIInterfaceOrientationPortraitUpsideDown UIInterfaceOrientationLandscapeLeft UIInterfaceOrientationLandscapeRight";
				INFOPLIST_KEY_UISupportedInterfaceOrientations_iPad = "UIInterfaceOrientationPortrait UIInterfaceOrientationPortraitUpsideDown UIInterfaceOrientationLandscapeLeft UIInterfaceOrientationLandscapeRight";
				INFOPLIST_KEY_UISupportedInterfaceOrientations_iPhone = "UIInterfaceOrientationPortrait UIInterfaceOrientationLandscapeLeft UIInterfaceOrientationLandscapeRight";
				LD_RUNPATH_SEARCH_PATHS = (
					"$(inherited)",
					"@executable_path/Frameworks",
				);
				MARKETING_VERSION = 1.0;
				PRODUCT_BUNDLE_IDENTIFIER = com.MohamedSamirEG.Currency;
				PRODUCT_NAME = "$(TARGET_NAME)";
				SWIFT_EMIT_LOC_STRINGS = YES;
				SWIFT_VERSION = 5.0;
				TARGETED_DEVICE_FAMILY = 1;
			};
			name = Release;
		};
/* End XCBuildConfiguration section */

/* Begin XCConfigurationList section */
		6097C8E92875685E00E39C43 /* Build configuration list for PBXProject "Currency" */ = {
			isa = XCConfigurationList;
			buildConfigurations = (
				6097C9002875686000E39C43 /* Debug */,
				6097C9012875686000E39C43 /* Release */,
			);
			defaultConfigurationIsVisible = 0;
			defaultConfigurationName = Release;
		};
		6097C9022875686000E39C43 /* Build configuration list for PBXNativeTarget "Currency" */ = {
			isa = XCConfigurationList;
			buildConfigurations = (
				6097C9032875686000E39C43 /* Debug */,
				6097C9042875686000E39C43 /* Release */,
			);
			defaultConfigurationIsVisible = 0;
			defaultConfigurationName = Release;
		};
/* End XCConfigurationList section */
	};
	rootObject = 6097C8E62875685E00E39C43 /* Project object */;
}
